// !$*UTF8*$!
{
	archiveVersion = 1;
	classes = {
	};
	objectVersion = 50;
	objects = {

/* Begin PBXBuildFile section */
		0CAB366023F9EF640043C467 /* daemon.m in Sources */ = {isa = PBXBuildFile; fileRef = 0CAB365F23F9EF640043C467 /* daemon.m */; };
		654574E5241F7E5F0014EA71 /* Counter.m in Sources */ = {isa = PBXBuildFile; fileRef = 654574D8241F780A0014EA71 /* Counter.m */; };
		654574E7241F7E770014EA71 /* main.m in Sources */ = {isa = PBXBuildFile; fileRef = 654574E6241F7E770014EA71 /* main.m */; };
		6548202324353F5100DE052B /* libmacho-parser.dylib in Frameworks */ = {isa = PBXBuildFile; fileRef = 65F1198B240CDEF500C8F55D /* libmacho-parser.dylib */; };
		6548202424353F5100DE052B /* libmacho-parser.dylib in Embed Libraries */ = {isa = PBXBuildFile; fileRef = 65F1198B240CDEF500C8F55D /* libmacho-parser.dylib */; settings = {ATTRIBUTES = (CodeSignOnCopy, ); }; };
		6548202F2435412100DE052B /* AppDelegate.swift in Sources */ = {isa = PBXBuildFile; fileRef = 6548202E2435412100DE052B /* AppDelegate.swift */; };
		654820312435412100DE052B /* ContentView.swift in Sources */ = {isa = PBXBuildFile; fileRef = 654820302435412100DE052B /* ContentView.swift */; };
		654820332435412500DE052B /* Assets.xcassets in Resources */ = {isa = PBXBuildFile; fileRef = 654820322435412500DE052B /* Assets.xcassets */; };
		654820362435412500DE052B /* Preview Assets.xcassets in Resources */ = {isa = PBXBuildFile; fileRef = 654820352435412500DE052B /* Preview Assets.xcassets */; };
		654820392435412500DE052B /* Main.storyboard in Resources */ = {isa = PBXBuildFile; fileRef = 654820372435412500DE052B /* Main.storyboard */; };
		654820452435412500DE052B /* tweaksTests.swift in Sources */ = {isa = PBXBuildFile; fileRef = 654820442435412500DE052B /* tweaksTests.swift */; };
		654820502435412500DE052B /* tweaksUITests.swift in Sources */ = {isa = PBXBuildFile; fileRef = 6548204F2435412500DE052B /* tweaksUITests.swift */; };
		6548205B2435417400DE052B /* libinjector_lib.dylib in Frameworks */ = {isa = PBXBuildFile; fileRef = 655A788624353E5200532DFD /* libinjector_lib.dylib */; };
		6548205C2435417400DE052B /* libinjector_lib.dylib in Embed Libraries */ = {isa = PBXBuildFile; fileRef = 655A788624353E5200532DFD /* libinjector_lib.dylib */; settings = {ATTRIBUTES = (CodeSignOnCopy, ); }; };
		655A788F24353E5F00532DFD /* inject.m in Sources */ = {isa = PBXBuildFile; fileRef = 65F766B6240B638F00D94665 /* inject.m */; };
		655A789024353E5F00532DFD /* Process.m in Sources */ = {isa = PBXBuildFile; fileRef = 656AC2D9241DA48000B728A6 /* Process.m */; };
		655A789124353E5F00532DFD /* symbol_locator.m in Sources */ = {isa = PBXBuildFile; fileRef = 65F766C6240B6C3900D94665 /* symbol_locator.m */; };
		655A789224353EF700532DFD /* libinjector_lib.dylib in Frameworks */ = {isa = PBXBuildFile; fileRef = 655A788624353E5200532DFD /* libinjector_lib.dylib */; };
		655A789324353EF700532DFD /* libinjector_lib.dylib in Embed Libraries */ = {isa = PBXBuildFile; fileRef = 655A788624353E5200532DFD /* libinjector_lib.dylib */; settings = {ATTRIBUTES = (CodeSignOnCopy, ); }; };
		65C18784241791F000D42952 /* objc_runtime_getters.h in Headers */ = {isa = PBXBuildFile; fileRef = 65C18782241791F000D42952 /* objc_runtime_getters.h */; };
		65C18785241791F000D42952 /* objc_runtime_getters.m in Sources */ = {isa = PBXBuildFile; fileRef = 65C18783241791F000D42952 /* objc_runtime_getters.m */; };
		65C187872417928600D42952 /* logging.h in Headers */ = {isa = PBXBuildFile; fileRef = 65C187862417928600D42952 /* logging.h */; };
		65F11996240CDFC400C8F55D /* macho_parser.h in Headers */ = {isa = PBXBuildFile; fileRef = 65F11994240CDFC300C8F55D /* macho_parser.h */; };
		65F11997240CDFC400C8F55D /* macho_parser.c in Sources */ = {isa = PBXBuildFile; fileRef = 65F11995240CDFC400C8F55D /* macho_parser.c */; };
		65F766C1240B67F100D94665 /* injected_library.m in Sources */ = {isa = PBXBuildFile; fileRef = 65F766C0240B67F100D94665 /* injected_library.m */; };
/* End PBXBuildFile section */

/* Begin PBXContainerItemProxy section */
		6548202524353F5100DE052B /* PBXContainerItemProxy */ = {
			isa = PBXContainerItemProxy;
			containerPortal = 0C2688B523CE94560099E59D /* Project object */;
			proxyType = 1;
			remoteGlobalIDString = 65F1198A240CDEF500C8F55D;
			remoteInfo = "macho-parser";
		};
		654820412435412500DE052B /* PBXContainerItemProxy */ = {
			isa = PBXContainerItemProxy;
			containerPortal = 0C2688B523CE94560099E59D /* Project object */;
			proxyType = 1;
			remoteGlobalIDString = 6548202B2435412100DE052B;
			remoteInfo = tweaks;
		};
		6548204C2435412500DE052B /* PBXContainerItemProxy */ = {
			isa = PBXContainerItemProxy;
			containerPortal = 0C2688B523CE94560099E59D /* Project object */;
			proxyType = 1;
			remoteGlobalIDString = 6548202B2435412100DE052B;
			remoteInfo = tweaks;
		};
		6548205D2435417400DE052B /* PBXContainerItemProxy */ = {
			isa = PBXContainerItemProxy;
			containerPortal = 0C2688B523CE94560099E59D /* Project object */;
			proxyType = 1;
			remoteGlobalIDString = 655A788524353E5200532DFD;
			remoteInfo = injector_lib;
		};
		655A789424353EF700532DFD /* PBXContainerItemProxy */ = {
			isa = PBXContainerItemProxy;
			containerPortal = 0C2688B523CE94560099E59D /* Project object */;
			proxyType = 1;
			remoteGlobalIDString = 655A788524353E5200532DFD;
			remoteInfo = injector_lib;
		};
/* End PBXContainerItemProxy section */

/* Begin PBXCopyFilesBuildPhase section */
		0CAB365623F9EF500043C467 /* CopyFiles */ = {
			isa = PBXCopyFilesBuildPhase;
			buildActionMask = 2147483647;
			dstPath = /usr/share/man/man1/;
			dstSubfolderSpec = 0;
			files = (
			);
			runOnlyForDeploymentPostprocessing = 1;
		};
		654574CE241F77F90014EA71 /* CopyFiles */ = {
			isa = PBXCopyFilesBuildPhase;
			buildActionMask = 2147483647;
			dstPath = /usr/share/man/man1/;
			dstSubfolderSpec = 0;
			files = (
			);
			runOnlyForDeploymentPostprocessing = 1;
		};
		654574DC241F7E4B0014EA71 /* CopyFiles */ = {
			isa = PBXCopyFilesBuildPhase;
			buildActionMask = 2147483647;
			dstPath = /usr/share/man/man1/;
			dstSubfolderSpec = 0;
			files = (
			);
			runOnlyForDeploymentPostprocessing = 1;
		};
		6548202724353F5100DE052B /* Embed Libraries */ = {
			isa = PBXCopyFilesBuildPhase;
			buildActionMask = 2147483647;
			dstPath = "";
			dstSubfolderSpec = 10;
			files = (
				6548202424353F5100DE052B /* libmacho-parser.dylib in Embed Libraries */,
			);
			name = "Embed Libraries";
			runOnlyForDeploymentPostprocessing = 0;
		};
		6548205F2435417400DE052B /* Embed Libraries */ = {
			isa = PBXCopyFilesBuildPhase;
			buildActionMask = 2147483647;
			dstPath = "";
			dstSubfolderSpec = 10;
			files = (
				6548205C2435417400DE052B /* libinjector_lib.dylib in Embed Libraries */,
			);
			name = "Embed Libraries";
			runOnlyForDeploymentPostprocessing = 0;
		};
		65F1199F240CE92D00C8F55D /* Embed Libraries */ = {
			isa = PBXCopyFilesBuildPhase;
			buildActionMask = 2147483647;
			dstPath = "";
			dstSubfolderSpec = 10;
			files = (
				655A789324353EF700532DFD /* libinjector_lib.dylib in Embed Libraries */,
			);
			name = "Embed Libraries";
			runOnlyForDeploymentPostprocessing = 0;
		};
/* End PBXCopyFilesBuildPhase section */

/* Begin PBXFileReference section */
		0CAB365823F9EF500043C467 /* daemon */ = {isa = PBXFileReference; explicitFileType = "compiled.mach-o.executable"; includeInIndex = 0; path = daemon; sourceTree = BUILT_PRODUCTS_DIR; };
		0CAB365F23F9EF640043C467 /* daemon.m */ = {isa = PBXFileReference; fileEncoding = 4; lastKnownFileType = sourcecode.c.objc; path = daemon.m; sourceTree = SOURCE_ROOT; };
		6536A074241F6D3600DE08F0 /* BetterCounter.h */ = {isa = PBXFileReference; lastKnownFileType = sourcecode.c.h; path = BetterCounter.h; sourceTree = "<group>"; };
		6536A076241F6D3600DE08F0 /* BetterCounter.m */ = {isa = PBXFileReference; lastKnownFileType = sourcecode.c.objc; path = BetterCounter.m; sourceTree = "<group>"; };
		654574D0241F77F90014EA71 /* testing_target */ = {isa = PBXFileReference; explicitFileType = "compiled.mach-o.executable"; includeInIndex = 0; path = testing_target; sourceTree = BUILT_PRODUCTS_DIR; };
		654574D7241F780A0014EA71 /* Counter.h */ = {isa = PBXFileReference; lastKnownFileType = sourcecode.c.h; path = Counter.h; sourceTree = "<group>"; };
		654574D8241F780A0014EA71 /* Counter.m */ = {isa = PBXFileReference; lastKnownFileType = sourcecode.c.objc; path = Counter.m; sourceTree = "<group>"; };
		654574DE241F7E4B0014EA71 /* Counter */ = {isa = PBXFileReference; explicitFileType = "compiled.mach-o.executable"; includeInIndex = 0; path = Counter; sourceTree = BUILT_PRODUCTS_DIR; };
		654574E6241F7E770014EA71 /* main.m */ = {isa = PBXFileReference; lastKnownFileType = sourcecode.c.objc; path = main.m; sourceTree = "<group>"; };
		6548202C2435412100DE052B /* tweaks.app */ = {isa = PBXFileReference; explicitFileType = wrapper.application; includeInIndex = 0; path = tweaks.app; sourceTree = BUILT_PRODUCTS_DIR; };
		6548202E2435412100DE052B /* AppDelegate.swift */ = {isa = PBXFileReference; lastKnownFileType = sourcecode.swift; path = AppDelegate.swift; sourceTree = "<group>"; };
		654820302435412100DE052B /* ContentView.swift */ = {isa = PBXFileReference; lastKnownFileType = sourcecode.swift; path = ContentView.swift; sourceTree = "<group>"; };
		654820322435412500DE052B /* Assets.xcassets */ = {isa = PBXFileReference; lastKnownFileType = folder.assetcatalog; path = Assets.xcassets; sourceTree = "<group>"; };
		654820352435412500DE052B /* Preview Assets.xcassets */ = {isa = PBXFileReference; lastKnownFileType = folder.assetcatalog; path = "Preview Assets.xcassets"; sourceTree = "<group>"; };
		654820382435412500DE052B /* Base */ = {isa = PBXFileReference; lastKnownFileType = file.storyboard; name = Base; path = Base.lproj/Main.storyboard; sourceTree = "<group>"; };
		6548203A2435412500DE052B /* Info.plist */ = {isa = PBXFileReference; lastKnownFileType = text.plist.xml; path = Info.plist; sourceTree = "<group>"; };
		6548203B2435412500DE052B /* tweaks.entitlements */ = {isa = PBXFileReference; lastKnownFileType = text.plist.entitlements; path = tweaks.entitlements; sourceTree = "<group>"; };
		654820402435412500DE052B /* tweaksTests.xctest */ = {isa = PBXFileReference; explicitFileType = wrapper.cfbundle; includeInIndex = 0; path = tweaksTests.xctest; sourceTree = BUILT_PRODUCTS_DIR; };
		654820442435412500DE052B /* tweaksTests.swift */ = {isa = PBXFileReference; lastKnownFileType = sourcecode.swift; path = tweaksTests.swift; sourceTree = "<group>"; };
		654820462435412500DE052B /* Info.plist */ = {isa = PBXFileReference; lastKnownFileType = text.plist.xml; path = Info.plist; sourceTree = "<group>"; };
		6548204B2435412500DE052B /* tweaksUITests.xctest */ = {isa = PBXFileReference; explicitFileType = wrapper.cfbundle; includeInIndex = 0; path = tweaksUITests.xctest; sourceTree = BUILT_PRODUCTS_DIR; };
		6548204F2435412500DE052B /* tweaksUITests.swift */ = {isa = PBXFileReference; lastKnownFileType = sourcecode.swift; path = tweaksUITests.swift; sourceTree = "<group>"; };
		654820512435412500DE052B /* Info.plist */ = {isa = PBXFileReference; lastKnownFileType = text.plist.xml; path = Info.plist; sourceTree = "<group>"; };
		655A788624353E5200532DFD /* libinjector_lib.dylib */ = {isa = PBXFileReference; explicitFileType = "compiled.mach-o.dylib"; includeInIndex = 0; path = libinjector_lib.dylib; sourceTree = BUILT_PRODUCTS_DIR; };
		656AC2D8241DA48000B728A6 /* Process.h */ = {isa = PBXFileReference; lastKnownFileType = sourcecode.c.h; path = Process.h; sourceTree = "<group>"; };
		656AC2D9241DA48000B728A6 /* Process.m */ = {isa = PBXFileReference; lastKnownFileType = sourcecode.c.objc; path = Process.m; sourceTree = "<group>"; };
		65C18782241791F000D42952 /* objc_runtime_getters.h */ = {isa = PBXFileReference; lastKnownFileType = sourcecode.c.h; path = objc_runtime_getters.h; sourceTree = "<group>"; };
		65C18783241791F000D42952 /* objc_runtime_getters.m */ = {isa = PBXFileReference; lastKnownFileType = sourcecode.c.objc; path = objc_runtime_getters.m; sourceTree = "<group>"; };
		65C187862417928600D42952 /* logging.h */ = {isa = PBXFileReference; lastKnownFileType = sourcecode.c.h; path = logging.h; sourceTree = "<group>"; };
		65F11986240CD94C00C8F55D /* internal_injection_interface.h */ = {isa = PBXFileReference; lastKnownFileType = sourcecode.c.h; path = internal_injection_interface.h; sourceTree = "<group>"; };
		65F1198B240CDEF500C8F55D /* libmacho-parser.dylib */ = {isa = PBXFileReference; explicitFileType = "compiled.mach-o.dylib"; includeInIndex = 0; path = "libmacho-parser.dylib"; sourceTree = BUILT_PRODUCTS_DIR; };
		65F11994240CDFC300C8F55D /* macho_parser.h */ = {isa = PBXFileReference; lastKnownFileType = sourcecode.c.h; path = macho_parser.h; sourceTree = "<group>"; };
		65F11995240CDFC400C8F55D /* macho_parser.c */ = {isa = PBXFileReference; lastKnownFileType = sourcecode.c.c; path = macho_parser.c; sourceTree = "<group>"; };
		65F766B5240B638F00D94665 /* inject.h */ = {isa = PBXFileReference; lastKnownFileType = sourcecode.c.h; path = inject.h; sourceTree = "<group>"; };
		65F766B6240B638F00D94665 /* inject.m */ = {isa = PBXFileReference; explicitFileType = sourcecode.c.objc; path = inject.m; sourceTree = "<group>"; };
		65F766BC240B67F100D94665 /* ../../../../../../../../../../usr/lib/injected/libinjected_library.dylib */ = {isa = PBXFileReference; explicitFileType = "compiled.mach-o.dylib"; includeInIndex = 0; path = ../../../../../../../../../../usr/lib/injected/libinjected_library.dylib; sourceTree = BUILT_PRODUCTS_DIR; };
		65F766C0240B67F100D94665 /* injected_library.m */ = {isa = PBXFileReference; lastKnownFileType = sourcecode.c.objc; path = injected_library.m; sourceTree = "<group>"; };
		65F766C5240B6C3900D94665 /* symbol_locator.h */ = {isa = PBXFileReference; lastKnownFileType = sourcecode.c.h; path = symbol_locator.h; sourceTree = "<group>"; };
		65F766C6240B6C3900D94665 /* symbol_locator.m */ = {isa = PBXFileReference; lastKnownFileType = sourcecode.c.objc; path = symbol_locator.m; sourceTree = "<group>"; };
/* End PBXFileReference section */

/* Begin PBXFrameworksBuildPhase section */
		0CAB365523F9EF500043C467 /* Frameworks */ = {
			isa = PBXFrameworksBuildPhase;
			buildActionMask = 2147483647;
			files = (
				655A789224353EF700532DFD /* libinjector_lib.dylib in Frameworks */,
			);
			runOnlyForDeploymentPostprocessing = 0;
		};
		654574CD241F77F90014EA71 /* Frameworks */ = {
			isa = PBXFrameworksBuildPhase;
			buildActionMask = 2147483647;
			files = (
			);
			runOnlyForDeploymentPostprocessing = 0;
		};
		654574DB241F7E4B0014EA71 /* Frameworks */ = {
			isa = PBXFrameworksBuildPhase;
			buildActionMask = 2147483647;
			files = (
			);
			runOnlyForDeploymentPostprocessing = 0;
		};
		654820292435412100DE052B /* Frameworks */ = {
			isa = PBXFrameworksBuildPhase;
			buildActionMask = 2147483647;
			files = (
				6548205B2435417400DE052B /* libinjector_lib.dylib in Frameworks */,
			);
			runOnlyForDeploymentPostprocessing = 0;
		};
		6548203D2435412500DE052B /* Frameworks */ = {
			isa = PBXFrameworksBuildPhase;
			buildActionMask = 2147483647;
			files = (
			);
			runOnlyForDeploymentPostprocessing = 0;
		};
		654820482435412500DE052B /* Frameworks */ = {
			isa = PBXFrameworksBuildPhase;
			buildActionMask = 2147483647;
			files = (
			);
			runOnlyForDeploymentPostprocessing = 0;
		};
		655A788424353E5200532DFD /* Frameworks */ = {
			isa = PBXFrameworksBuildPhase;
			buildActionMask = 2147483647;
			files = (
				6548202324353F5100DE052B /* libmacho-parser.dylib in Frameworks */,
			);
			runOnlyForDeploymentPostprocessing = 0;
		};
		65F11989240CDEF500C8F55D /* Frameworks */ = {
			isa = PBXFrameworksBuildPhase;
			buildActionMask = 2147483647;
			files = (
			);
			runOnlyForDeploymentPostprocessing = 0;
		};
		65F766BA240B67F100D94665 /* Frameworks */ = {
			isa = PBXFrameworksBuildPhase;
			buildActionMask = 2147483647;
			files = (
			);
			runOnlyForDeploymentPostprocessing = 0;
		};
/* End PBXFrameworksBuildPhase section */

/* Begin PBXGroup section */
		0C2688B423CE94560099E59D = {
			isa = PBXGroup;
			children = (
				0CAB365923F9EF500043C467 /* daemon */,
				65F766BD240B67F100D94665 /* injected_library */,
				655A788724353E5200532DFD /* injector_lib */,
				65F1198C240CDEF500C8F55D /* macho_parser */,
				6548202D2435412100DE052B /* tweaks */,
				6548204E2435412500DE052B /* tweaksUITests */,
				654820432435412500DE052B /* tweaksTests */,
				654574DF241F7E4B0014EA71 /* Counter */,
				6536A073241F6D3600DE08F0 /* BetterCounter */,
				0C2688BE23CE94560099E59D /* Products */,
				65F1199A240CE92D00C8F55D /* Frameworks */,
			);
			sourceTree = "<group>";
		};
		0C2688BE23CE94560099E59D /* Products */ = {
			isa = PBXGroup;
			children = (
				0CAB365823F9EF500043C467 /* daemon */,
				65F766BC240B67F100D94665 /* ../../../../../../../../../../usr/lib/injected/libinjected_library.dylib */,
				65F1198B240CDEF500C8F55D /* libmacho-parser.dylib */,
				654574D0241F77F90014EA71 /* testing_target */,
				654574DE241F7E4B0014EA71 /* Counter */,
				655A788624353E5200532DFD /* libinjector_lib.dylib */,
				6548202C2435412100DE052B /* tweaks.app */,
				654820402435412500DE052B /* tweaksTests.xctest */,
				6548204B2435412500DE052B /* tweaksUITests.xctest */,
			);
			name = Products;
			sourceTree = "<group>";
		};
		0CAB365923F9EF500043C467 /* daemon */ = {
			isa = PBXGroup;
			children = (
				0CAB365F23F9EF640043C467 /* daemon.m */,
			);
			path = daemon;
			sourceTree = "<group>";
		};
		6536A073241F6D3600DE08F0 /* BetterCounter */ = {
			isa = PBXGroup;
			children = (
				6536A074241F6D3600DE08F0 /* BetterCounter.h */,
				6536A076241F6D3600DE08F0 /* BetterCounter.m */,
			);
			path = BetterCounter;
			sourceTree = "<group>";
		};
		654574DF241F7E4B0014EA71 /* Counter */ = {
			isa = PBXGroup;
			children = (
				654574E6241F7E770014EA71 /* main.m */,
				654574D7241F780A0014EA71 /* Counter.h */,
				654574D8241F780A0014EA71 /* Counter.m */,
			);
			path = Counter;
			sourceTree = "<group>";
		};
		6548202D2435412100DE052B /* tweaks */ = {
			isa = PBXGroup;
			children = (
				6548202E2435412100DE052B /* AppDelegate.swift */,
				654820302435412100DE052B /* ContentView.swift */,
				654820322435412500DE052B /* Assets.xcassets */,
				654820372435412500DE052B /* Main.storyboard */,
				6548203A2435412500DE052B /* Info.plist */,
				6548203B2435412500DE052B /* tweaks.entitlements */,
				654820342435412500DE052B /* Preview Content */,
			);
			path = tweaks;
			sourceTree = "<group>";
		};
		654820342435412500DE052B /* Preview Content */ = {
			isa = PBXGroup;
			children = (
				654820352435412500DE052B /* Preview Assets.xcassets */,
			);
			path = "Preview Content";
			sourceTree = "<group>";
		};
		654820432435412500DE052B /* tweaksTests */ = {
			isa = PBXGroup;
			children = (
				654820442435412500DE052B /* tweaksTests.swift */,
				654820462435412500DE052B /* Info.plist */,
			);
			path = tweaksTests;
			sourceTree = "<group>";
		};
		6548204E2435412500DE052B /* tweaksUITests */ = {
			isa = PBXGroup;
			children = (
				6548204F2435412500DE052B /* tweaksUITests.swift */,
				654820512435412500DE052B /* Info.plist */,
			);
			path = tweaksUITests;
			sourceTree = "<group>";
		};
		655A788724353E5200532DFD /* injector_lib */ = {
			isa = PBXGroup;
			children = (
				656AC2D8241DA48000B728A6 /* Process.h */,
				656AC2D9241DA48000B728A6 /* Process.m */,
				65F766B5240B638F00D94665 /* inject.h */,
				65F766B6240B638F00D94665 /* inject.m */,
				65F766C5240B6C3900D94665 /* symbol_locator.h */,
				65F766C6240B6C3900D94665 /* symbol_locator.m */,
			);
			path = injector_lib;
			sourceTree = "<group>";
		};
		65F1198C240CDEF500C8F55D /* macho_parser */ = {
			isa = PBXGroup;
			children = (
				65F11994240CDFC300C8F55D /* macho_parser.h */,
				65F11995240CDFC400C8F55D /* macho_parser.c */,
			);
			path = macho_parser;
			sourceTree = "<group>";
		};
		65F1199A240CE92D00C8F55D /* Frameworks */ = {
			isa = PBXGroup;
			children = (
			);
			name = Frameworks;
			sourceTree = "<group>";
		};
		65F766BD240B67F100D94665 /* injected_library */ = {
			isa = PBXGroup;
			children = (
				65F11986240CD94C00C8F55D /* internal_injection_interface.h */,
				65F766C0240B67F100D94665 /* injected_library.m */,
				65C187862417928600D42952 /* logging.h */,
				65C18782241791F000D42952 /* objc_runtime_getters.h */,
				65C18783241791F000D42952 /* objc_runtime_getters.m */,
			);
			path = injected_library;
			sourceTree = "<group>";
		};
/* End PBXGroup section */

/* Begin PBXHeadersBuildPhase section */
		655A788224353E5200532DFD /* Headers */ = {
			isa = PBXHeadersBuildPhase;
			buildActionMask = 2147483647;
			files = (
			);
			runOnlyForDeploymentPostprocessing = 0;
		};
		65F11987240CDEF500C8F55D /* Headers */ = {
			isa = PBXHeadersBuildPhase;
			buildActionMask = 2147483647;
			files = (
				65F11996240CDFC400C8F55D /* macho_parser.h in Headers */,
			);
			runOnlyForDeploymentPostprocessing = 0;
		};
		65F766B8240B67F100D94665 /* Headers */ = {
			isa = PBXHeadersBuildPhase;
			buildActionMask = 2147483647;
			files = (
				65C187872417928600D42952 /* logging.h in Headers */,
				65C18784241791F000D42952 /* objc_runtime_getters.h in Headers */,
			);
			runOnlyForDeploymentPostprocessing = 0;
		};
/* End PBXHeadersBuildPhase section */

/* Begin PBXNativeTarget section */
		0CAB365723F9EF500043C467 /* daemon */ = {
			isa = PBXNativeTarget;
			buildConfigurationList = 0CAB365E23F9EF500043C467 /* Build configuration list for PBXNativeTarget "daemon" */;
			buildPhases = (
				0CAB365423F9EF500043C467 /* Sources */,
				0CAB365523F9EF500043C467 /* Frameworks */,
				0CAB365623F9EF500043C467 /* CopyFiles */,
				65F1199F240CE92D00C8F55D /* Embed Libraries */,
			);
			buildRules = (
			);
			dependencies = (
				655A789524353EF700532DFD /* PBXTargetDependency */,
			);
			name = daemon;
			productName = daemon;
			productReference = 0CAB365823F9EF500043C467 /* daemon */;
			productType = "com.apple.product-type.tool";
		};
		654574CF241F77F90014EA71 /* testing_target */ = {
			isa = PBXNativeTarget;
			buildConfigurationList = 654574D4241F77F90014EA71 /* Build configuration list for PBXNativeTarget "testing_target" */;
			buildPhases = (
				654574CC241F77F90014EA71 /* Sources */,
				654574CD241F77F90014EA71 /* Frameworks */,
				654574CE241F77F90014EA71 /* CopyFiles */,
			);
			buildRules = (
			);
			dependencies = (
			);
			name = testing_target;
			productName = testing_target;
			productReference = 654574D0241F77F90014EA71 /* testing_target */;
			productType = "com.apple.product-type.tool";
		};
		654574DD241F7E4B0014EA71 /* Counter */ = {
			isa = PBXNativeTarget;
			buildConfigurationList = 654574E2241F7E4B0014EA71 /* Build configuration list for PBXNativeTarget "Counter" */;
			buildPhases = (
				654574DA241F7E4B0014EA71 /* Sources */,
				654574DB241F7E4B0014EA71 /* Frameworks */,
				654574DC241F7E4B0014EA71 /* CopyFiles */,
			);
			buildRules = (
			);
			dependencies = (
			);
			name = Counter;
			productName = Counter;
			productReference = 654574DE241F7E4B0014EA71 /* Counter */;
			productType = "com.apple.product-type.tool";
		};
		6548202B2435412100DE052B /* tweaks */ = {
			isa = PBXNativeTarget;
			buildConfigurationList = 654820522435412500DE052B /* Build configuration list for PBXNativeTarget "tweaks" */;
			buildPhases = (
				654820282435412100DE052B /* Sources */,
				654820292435412100DE052B /* Frameworks */,
				6548202A2435412100DE052B /* Resources */,
				6548205F2435417400DE052B /* Embed Libraries */,
			);
			buildRules = (
			);
			dependencies = (
				6548205E2435417400DE052B /* PBXTargetDependency */,
			);
			name = tweaks;
			productName = tweaks;
			productReference = 6548202C2435412100DE052B /* tweaks.app */;
			productType = "com.apple.product-type.application";
		};
		6548203F2435412500DE052B /* tweaksTests */ = {
			isa = PBXNativeTarget;
			buildConfigurationList = 654820552435412500DE052B /* Build configuration list for PBXNativeTarget "tweaksTests" */;
			buildPhases = (
				6548203C2435412500DE052B /* Sources */,
				6548203D2435412500DE052B /* Frameworks */,
				6548203E2435412500DE052B /* Resources */,
			);
			buildRules = (
			);
			dependencies = (
				654820422435412500DE052B /* PBXTargetDependency */,
			);
			name = tweaksTests;
			productName = tweaksTests;
			productReference = 654820402435412500DE052B /* tweaksTests.xctest */;
			productType = "com.apple.product-type.bundle.unit-test";
		};
		6548204A2435412500DE052B /* tweaksUITests */ = {
			isa = PBXNativeTarget;
			buildConfigurationList = 654820582435412500DE052B /* Build configuration list for PBXNativeTarget "tweaksUITests" */;
			buildPhases = (
				654820472435412500DE052B /* Sources */,
				654820482435412500DE052B /* Frameworks */,
				654820492435412500DE052B /* Resources */,
			);
			buildRules = (
			);
			dependencies = (
				6548204D2435412500DE052B /* PBXTargetDependency */,
			);
			name = tweaksUITests;
			productName = tweaksUITests;
			productReference = 6548204B2435412500DE052B /* tweaksUITests.xctest */;
			productType = "com.apple.product-type.bundle.ui-testing";
		};
		655A788524353E5200532DFD /* injector_lib */ = {
			isa = PBXNativeTarget;
			buildConfigurationList = 655A788E24353E5200532DFD /* Build configuration list for PBXNativeTarget "injector_lib" */;
			buildPhases = (
				655A788224353E5200532DFD /* Headers */,
				655A788324353E5200532DFD /* Sources */,
				655A788424353E5200532DFD /* Frameworks */,
				6548202724353F5100DE052B /* Embed Libraries */,
			);
			buildRules = (
			);
			dependencies = (
				6548202624353F5100DE052B /* PBXTargetDependency */,
			);
			name = injector_lib;
			productName = injector_lib;
			productReference = 655A788624353E5200532DFD /* libinjector_lib.dylib */;
			productType = "com.apple.product-type.library.dynamic";
		};
		65F1198A240CDEF500C8F55D /* macho-parser */ = {
			isa = PBXNativeTarget;
			buildConfigurationList = 65F11991240CDEF500C8F55D /* Build configuration list for PBXNativeTarget "macho-parser" */;
			buildPhases = (
				65F11987240CDEF500C8F55D /* Headers */,
				65F11988240CDEF500C8F55D /* Sources */,
				65F11989240CDEF500C8F55D /* Frameworks */,
			);
			buildRules = (
			);
			dependencies = (
			);
			name = "macho-parser";
			productName = "macho-parser";
			productReference = 65F1198B240CDEF500C8F55D /* libmacho-parser.dylib */;
			productType = "com.apple.product-type.library.dynamic";
		};
		65F766BB240B67F100D94665 /* injected_library */ = {
			isa = PBXNativeTarget;
			buildConfigurationList = 65F766C2240B67F100D94665 /* Build configuration list for PBXNativeTarget "injected_library" */;
			buildPhases = (
				65F766B8240B67F100D94665 /* Headers */,
				65F766B9240B67F100D94665 /* Sources */,
				65F766BA240B67F100D94665 /* Frameworks */,
			);
			buildRules = (
			);
			dependencies = (
			);
			name = injected_library;
			productName = injected_library;
			productReference = 65F766BC240B67F100D94665 /* ../../../../../../../../../../usr/lib/injected/libinjected_library.dylib */;
			productType = "com.apple.product-type.library.dynamic";
		};
/* End PBXNativeTarget section */

/* Begin PBXProject section */
		0C2688B523CE94560099E59D /* Project object */ = {
			isa = PBXProject;
			attributes = {
				LastSwiftUpdateCheck = 1130;
				LastUpgradeCheck = 1200;
				ORGANIZATIONNAME = "Sophia Wisdom";
				TargetAttributes = {
					0CAB365723F9EF500043C467 = {
						CreatedOnToolsVersion = 10.3;
					};
					654574CF241F77F90014EA71 = {
						CreatedOnToolsVersion = 11.3.1;
					};
					654574DD241F7E4B0014EA71 = {
						CreatedOnToolsVersion = 11.3.1;
					};
					6548202B2435412100DE052B = {
						CreatedOnToolsVersion = 11.3.1;
					};
					6548203F2435412500DE052B = {
						CreatedOnToolsVersion = 11.3.1;
						TestTargetID = 6548202B2435412100DE052B;
					};
					6548204A2435412500DE052B = {
						CreatedOnToolsVersion = 11.3.1;
						TestTargetID = 6548202B2435412100DE052B;
					};
					655A788524353E5200532DFD = {
						CreatedOnToolsVersion = 11.3.1;
					};
					65F1198A240CDEF500C8F55D = {
						CreatedOnToolsVersion = 11.3.1;
					};
					65F766BB240B67F100D94665 = {
						CreatedOnToolsVersion = 11.3.1;
					};
				};
			};
			buildConfigurationList = 0C2688B823CE94560099E59D /* Build configuration list for PBXProject "mods" */;
			compatibilityVersion = "Xcode 9.3";
			developmentRegion = en;
			hasScannedForEncodings = 0;
			knownRegions = (
				en,
				Base,
			);
			mainGroup = 0C2688B423CE94560099E59D;
			productRefGroup = 0C2688BE23CE94560099E59D /* Products */;
			projectDirPath = "";
			projectRoot = "";
			targets = (
				0CAB365723F9EF500043C467 /* daemon */,
				65F766BB240B67F100D94665 /* injected_library */,
				655A788524353E5200532DFD /* injector_lib */,
				65F1198A240CDEF500C8F55D /* macho-parser */,
				654574CF241F77F90014EA71 /* testing_target */,
				654574DD241F7E4B0014EA71 /* Counter */,
				6548202B2435412100DE052B /* tweaks */,
				6548203F2435412500DE052B /* tweaksTests */,
				6548204A2435412500DE052B /* tweaksUITests */,
			);
		};
/* End PBXProject section */

/* Begin PBXResourcesBuildPhase section */
		6548202A2435412100DE052B /* Resources */ = {
			isa = PBXResourcesBuildPhase;
			buildActionMask = 2147483647;
			files = (
				654820392435412500DE052B /* Main.storyboard in Resources */,
				654820362435412500DE052B /* Preview Assets.xcassets in Resources */,
				654820332435412500DE052B /* Assets.xcassets in Resources */,
			);
			runOnlyForDeploymentPostprocessing = 0;
		};
		6548203E2435412500DE052B /* Resources */ = {
			isa = PBXResourcesBuildPhase;
			buildActionMask = 2147483647;
			files = (
			);
			runOnlyForDeploymentPostprocessing = 0;
		};
		654820492435412500DE052B /* Resources */ = {
			isa = PBXResourcesBuildPhase;
			buildActionMask = 2147483647;
			files = (
			);
			runOnlyForDeploymentPostprocessing = 0;
		};
/* End PBXResourcesBuildPhase section */

/* Begin PBXSourcesBuildPhase section */
		0CAB365423F9EF500043C467 /* Sources */ = {
			isa = PBXSourcesBuildPhase;
			buildActionMask = 2147483647;
			files = (
				0CAB366023F9EF640043C467 /* daemon.m in Sources */,
			);
			runOnlyForDeploymentPostprocessing = 0;
		};
		654574CC241F77F90014EA71 /* Sources */ = {
			isa = PBXSourcesBuildPhase;
			buildActionMask = 2147483647;
			files = (
			);
			runOnlyForDeploymentPostprocessing = 0;
		};
		654574DA241F7E4B0014EA71 /* Sources */ = {
			isa = PBXSourcesBuildPhase;
			buildActionMask = 2147483647;
			files = (
				654574E5241F7E5F0014EA71 /* Counter.m in Sources */,
				654574E7241F7E770014EA71 /* main.m in Sources */,
			);
			runOnlyForDeploymentPostprocessing = 0;
		};
		654820282435412100DE052B /* Sources */ = {
			isa = PBXSourcesBuildPhase;
			buildActionMask = 2147483647;
			files = (
				654820312435412100DE052B /* ContentView.swift in Sources */,
				6548202F2435412100DE052B /* AppDelegate.swift in Sources */,
			);
			runOnlyForDeploymentPostprocessing = 0;
		};
		6548203C2435412500DE052B /* Sources */ = {
			isa = PBXSourcesBuildPhase;
			buildActionMask = 2147483647;
			files = (
				654820452435412500DE052B /* tweaksTests.swift in Sources */,
			);
			runOnlyForDeploymentPostprocessing = 0;
		};
		654820472435412500DE052B /* Sources */ = {
			isa = PBXSourcesBuildPhase;
			buildActionMask = 2147483647;
			files = (
				654820502435412500DE052B /* tweaksUITests.swift in Sources */,
			);
			runOnlyForDeploymentPostprocessing = 0;
		};
		655A788324353E5200532DFD /* Sources */ = {
			isa = PBXSourcesBuildPhase;
			buildActionMask = 2147483647;
			files = (
				655A789124353E5F00532DFD /* symbol_locator.m in Sources */,
				655A789024353E5F00532DFD /* Process.m in Sources */,
				655A788F24353E5F00532DFD /* inject.m in Sources */,
			);
			runOnlyForDeploymentPostprocessing = 0;
		};
		65F11988240CDEF500C8F55D /* Sources */ = {
			isa = PBXSourcesBuildPhase;
			buildActionMask = 2147483647;
			files = (
				65F11997240CDFC400C8F55D /* macho_parser.c in Sources */,
			);
			runOnlyForDeploymentPostprocessing = 0;
		};
		65F766B9240B67F100D94665 /* Sources */ = {
			isa = PBXSourcesBuildPhase;
			buildActionMask = 2147483647;
			files = (
				65C18785241791F000D42952 /* objc_runtime_getters.m in Sources */,
				65F766C1240B67F100D94665 /* injected_library.m in Sources */,
			);
			runOnlyForDeploymentPostprocessing = 0;
		};
/* End PBXSourcesBuildPhase section */

/* Begin PBXTargetDependency section */
		6548202624353F5100DE052B /* PBXTargetDependency */ = {
			isa = PBXTargetDependency;
			target = 65F1198A240CDEF500C8F55D /* macho-parser */;
			targetProxy = 6548202524353F5100DE052B /* PBXContainerItemProxy */;
		};
		654820422435412500DE052B /* PBXTargetDependency */ = {
			isa = PBXTargetDependency;
			target = 6548202B2435412100DE052B /* tweaks */;
			targetProxy = 654820412435412500DE052B /* PBXContainerItemProxy */;
		};
		6548204D2435412500DE052B /* PBXTargetDependency */ = {
			isa = PBXTargetDependency;
			target = 6548202B2435412100DE052B /* tweaks */;
			targetProxy = 6548204C2435412500DE052B /* PBXContainerItemProxy */;
		};
		6548205E2435417400DE052B /* PBXTargetDependency */ = {
			isa = PBXTargetDependency;
			target = 655A788524353E5200532DFD /* injector_lib */;
			targetProxy = 6548205D2435417400DE052B /* PBXContainerItemProxy */;
		};
		655A789524353EF700532DFD /* PBXTargetDependency */ = {
			isa = PBXTargetDependency;
			target = 655A788524353E5200532DFD /* injector_lib */;
			targetProxy = 655A789424353EF700532DFD /* PBXContainerItemProxy */;
		};
/* End PBXTargetDependency section */

/* Begin PBXVariantGroup section */
		654820372435412500DE052B /* Main.storyboard */ = {
			isa = PBXVariantGroup;
			children = (
				654820382435412500DE052B /* Base */,
			);
			name = Main.storyboard;
			sourceTree = "<group>";
		};
/* End PBXVariantGroup section */

/* Begin XCBuildConfiguration section */
		0C2688C223CE94560099E59D /* Debug */ = {
			isa = XCBuildConfiguration;
			buildSettings = {
				ALWAYS_SEARCH_USER_PATHS = NO;
				CLANG_ANALYZER_NONNULL = YES;
				CLANG_ANALYZER_NUMBER_OBJECT_CONVERSION = YES_AGGRESSIVE;
				CLANG_CXX_LANGUAGE_STANDARD = "gnu++14";
				CLANG_CXX_LIBRARY = "libc++";
				CLANG_ENABLE_MODULES = YES;
				CLANG_ENABLE_OBJC_ARC = YES;
				CLANG_ENABLE_OBJC_WEAK = YES;
				CLANG_WARN_BLOCK_CAPTURE_AUTORELEASING = YES;
				CLANG_WARN_BOOL_CONVERSION = YES;
				CLANG_WARN_COMMA = YES;
				CLANG_WARN_CONSTANT_CONVERSION = YES;
				CLANG_WARN_DEPRECATED_OBJC_IMPLEMENTATIONS = YES;
				CLANG_WARN_DIRECT_OBJC_ISA_USAGE = YES_ERROR;
				CLANG_WARN_DOCUMENTATION_COMMENTS = YES;
				CLANG_WARN_EMPTY_BODY = YES;
				CLANG_WARN_ENUM_CONVERSION = YES;
				CLANG_WARN_INFINITE_RECURSION = YES;
				CLANG_WARN_INT_CONVERSION = YES;
				CLANG_WARN_NON_LITERAL_NULL_CONVERSION = YES;
				CLANG_WARN_OBJC_IMPLICIT_RETAIN_SELF = YES;
				CLANG_WARN_OBJC_LITERAL_CONVERSION = YES;
				CLANG_WARN_OBJC_ROOT_CLASS = YES_ERROR;
				CLANG_WARN_RANGE_LOOP_ANALYSIS = YES;
				CLANG_WARN_STRICT_PROTOTYPES = YES;
				CLANG_WARN_SUSPICIOUS_MOVE = YES;
				CLANG_WARN_UNGUARDED_AVAILABILITY = YES_AGGRESSIVE;
				CLANG_WARN_UNREACHABLE_CODE = YES;
				CLANG_WARN__DUPLICATE_METHOD_MATCH = YES;
				COPY_PHASE_STRIP = NO;
				DEBUG_INFORMATION_FORMAT = dwarf;
				ENABLE_STRICT_OBJC_MSGSEND = YES;
				ENABLE_TESTABILITY = YES;
				GCC_C_LANGUAGE_STANDARD = gnu11;
				GCC_DYNAMIC_NO_PIC = NO;
				GCC_NO_COMMON_BLOCKS = YES;
				GCC_OPTIMIZATION_LEVEL = 0;
				GCC_PREPROCESSOR_DEFINITIONS = (
					"DEBUG=1",
					"$(inherited)",
				);
				GCC_WARN_64_TO_32_BIT_CONVERSION = YES;
				GCC_WARN_ABOUT_RETURN_TYPE = YES_ERROR;
				GCC_WARN_UNDECLARED_SELECTOR = YES;
				GCC_WARN_UNINITIALIZED_AUTOS = YES_AGGRESSIVE;
				GCC_WARN_UNUSED_FUNCTION = YES;
				GCC_WARN_UNUSED_VARIABLE = YES;
				INFOPLIST_FILE = daemon_info.plist;
				MACOSX_DEPLOYMENT_TARGET = 10.15;
				MTL_ENABLE_DEBUG_INFO = INCLUDE_SOURCE;
				MTL_FAST_MATH = YES;
				ONLY_ACTIVE_ARCH = YES;
				SDKROOT = macosx;
			};
			name = Debug;
		};
		0C2688C323CE94560099E59D /* Release */ = {
			isa = XCBuildConfiguration;
			buildSettings = {
				ALWAYS_SEARCH_USER_PATHS = NO;
				CLANG_ANALYZER_NONNULL = YES;
				CLANG_ANALYZER_NUMBER_OBJECT_CONVERSION = YES_AGGRESSIVE;
				CLANG_CXX_LANGUAGE_STANDARD = "gnu++14";
				CLANG_CXX_LIBRARY = "libc++";
				CLANG_ENABLE_MODULES = YES;
				CLANG_ENABLE_OBJC_ARC = YES;
				CLANG_ENABLE_OBJC_WEAK = YES;
				CLANG_WARN_BLOCK_CAPTURE_AUTORELEASING = YES;
				CLANG_WARN_BOOL_CONVERSION = YES;
				CLANG_WARN_COMMA = YES;
				CLANG_WARN_CONSTANT_CONVERSION = YES;
				CLANG_WARN_DEPRECATED_OBJC_IMPLEMENTATIONS = YES;
				CLANG_WARN_DIRECT_OBJC_ISA_USAGE = YES_ERROR;
				CLANG_WARN_DOCUMENTATION_COMMENTS = YES;
				CLANG_WARN_EMPTY_BODY = YES;
				CLANG_WARN_ENUM_CONVERSION = YES;
				CLANG_WARN_INFINITE_RECURSION = YES;
				CLANG_WARN_INT_CONVERSION = YES;
				CLANG_WARN_NON_LITERAL_NULL_CONVERSION = YES;
				CLANG_WARN_OBJC_IMPLICIT_RETAIN_SELF = YES;
				CLANG_WARN_OBJC_LITERAL_CONVERSION = YES;
				CLANG_WARN_OBJC_ROOT_CLASS = YES_ERROR;
				CLANG_WARN_RANGE_LOOP_ANALYSIS = YES;
				CLANG_WARN_STRICT_PROTOTYPES = YES;
				CLANG_WARN_SUSPICIOUS_MOVE = YES;
				CLANG_WARN_UNGUARDED_AVAILABILITY = YES_AGGRESSIVE;
				CLANG_WARN_UNREACHABLE_CODE = YES;
				CLANG_WARN__DUPLICATE_METHOD_MATCH = YES;
				COPY_PHASE_STRIP = NO;
				DEBUG_INFORMATION_FORMAT = "dwarf-with-dsym";
				ENABLE_NS_ASSERTIONS = NO;
				ENABLE_STRICT_OBJC_MSGSEND = YES;
				GCC_C_LANGUAGE_STANDARD = gnu11;
				GCC_NO_COMMON_BLOCKS = YES;
				GCC_WARN_64_TO_32_BIT_CONVERSION = YES;
				GCC_WARN_ABOUT_RETURN_TYPE = YES_ERROR;
				GCC_WARN_UNDECLARED_SELECTOR = YES;
				GCC_WARN_UNINITIALIZED_AUTOS = YES_AGGRESSIVE;
				GCC_WARN_UNUSED_FUNCTION = YES;
				GCC_WARN_UNUSED_VARIABLE = YES;
				INFOPLIST_FILE = daemon_info.plist;
				MACOSX_DEPLOYMENT_TARGET = 10.15;
				MTL_ENABLE_DEBUG_INFO = NO;
				MTL_FAST_MATH = YES;
				SDKROOT = macosx;
			};
			name = Release;
		};
		0CAB365C23F9EF500043C467 /* Debug */ = {
			isa = XCBuildConfiguration;
			buildSettings = {
				CODE_SIGN_ENTITLEMENTS = daemon/daemon.entitlements;
				CODE_SIGN_IDENTITY = "-";
				CODE_SIGN_STYLE = Automatic;
				ENABLE_HARDENED_RUNTIME = NO;
				INFOPLIST_FILE = "";
				MACOSX_DEPLOYMENT_TARGET = 10.15;
				PRODUCT_NAME = "$(TARGET_NAME)";
			};
			name = Debug;
		};
		0CAB365D23F9EF500043C467 /* Release */ = {
			isa = XCBuildConfiguration;
			buildSettings = {
				CODE_SIGN_ENTITLEMENTS = daemon/daemon.entitlements;
				CODE_SIGN_IDENTITY = "-";
				CODE_SIGN_STYLE = Automatic;
				ENABLE_HARDENED_RUNTIME = NO;
				INFOPLIST_FILE = "";
				MACOSX_DEPLOYMENT_TARGET = 10.15;
				PRODUCT_NAME = "$(TARGET_NAME)";
			};
			name = Release;
		};
		654574D5241F77F90014EA71 /* Debug */ = {
			isa = XCBuildConfiguration;
			buildSettings = {
				CODE_SIGN_STYLE = Automatic;
				PRODUCT_NAME = "$(TARGET_NAME)";
			};
			name = Debug;
		};
		654574D6241F77F90014EA71 /* Release */ = {
			isa = XCBuildConfiguration;
			buildSettings = {
				CODE_SIGN_STYLE = Automatic;
				PRODUCT_NAME = "$(TARGET_NAME)";
			};
			name = Release;
		};
		654574E3241F7E4B0014EA71 /* Debug */ = {
			isa = XCBuildConfiguration;
			buildSettings = {
				CODE_SIGN_STYLE = Automatic;
				PRODUCT_NAME = "$(TARGET_NAME)";
			};
			name = Debug;
		};
		654574E4241F7E4B0014EA71 /* Release */ = {
			isa = XCBuildConfiguration;
			buildSettings = {
				CODE_SIGN_STYLE = Automatic;
				PRODUCT_NAME = "$(TARGET_NAME)";
			};
			name = Release;
		};
		654820532435412500DE052B /* Debug */ = {
			isa = XCBuildConfiguration;
			buildSettings = {
				ASSETCATALOG_COMPILER_APPICON_NAME = AppIcon;
				CODE_SIGN_ENTITLEMENTS = tweaks/tweaks.entitlements;
				CODE_SIGN_STYLE = Automatic;
				COMBINE_HIDPI_IMAGES = YES;
				DEVELOPMENT_ASSET_PATHS = "\"tweaks/Preview Content\"";
				ENABLE_PREVIEWS = YES;
				INFOPLIST_FILE = tweaks/Info.plist;
				LD_RUNPATH_SEARCH_PATHS = (
					"$(inherited)",
					"@executable_path/../Frameworks",
				);
				MACOSX_DEPLOYMENT_TARGET = 10.15;
				PRODUCT_BUNDLE_IDENTIFIER = org.tweaks.tweaks;
				PRODUCT_NAME = "$(TARGET_NAME)";
				SWIFT_ACTIVE_COMPILATION_CONDITIONS = DEBUG;
				SWIFT_OPTIMIZATION_LEVEL = "-Onone";
				SWIFT_VERSION = 5.0;
			};
			name = Debug;
		};
		654820542435412500DE052B /* Release */ = {
			isa = XCBuildConfiguration;
			buildSettings = {
				ASSETCATALOG_COMPILER_APPICON_NAME = AppIcon;
				CODE_SIGN_ENTITLEMENTS = tweaks/tweaks.entitlements;
				CODE_SIGN_STYLE = Automatic;
				COMBINE_HIDPI_IMAGES = YES;
				DEVELOPMENT_ASSET_PATHS = "\"tweaks/Preview Content\"";
				ENABLE_PREVIEWS = YES;
				INFOPLIST_FILE = tweaks/Info.plist;
				LD_RUNPATH_SEARCH_PATHS = (
					"$(inherited)",
					"@executable_path/../Frameworks",
				);
				MACOSX_DEPLOYMENT_TARGET = 10.15;
				PRODUCT_BUNDLE_IDENTIFIER = org.tweaks.tweaks;
				PRODUCT_NAME = "$(TARGET_NAME)";
				SWIFT_COMPILATION_MODE = wholemodule;
				SWIFT_OPTIMIZATION_LEVEL = "-O";
				SWIFT_VERSION = 5.0;
			};
			name = Release;
		};
		654820562435412500DE052B /* Debug */ = {
			isa = XCBuildConfiguration;
			buildSettings = {
				ALWAYS_EMBED_SWIFT_STANDARD_LIBRARIES = YES;
				BUNDLE_LOADER = "$(TEST_HOST)";
				CODE_SIGN_STYLE = Automatic;
				COMBINE_HIDPI_IMAGES = YES;
				INFOPLIST_FILE = tweaksTests/Info.plist;
				LD_RUNPATH_SEARCH_PATHS = (
					"$(inherited)",
					"@executable_path/../Frameworks",
					"@loader_path/../Frameworks",
				);
				MACOSX_DEPLOYMENT_TARGET = 10.15;
				PRODUCT_BUNDLE_IDENTIFIER = org.tweaks.tweaksTests;
				PRODUCT_NAME = "$(TARGET_NAME)";
				SWIFT_ACTIVE_COMPILATION_CONDITIONS = DEBUG;
				SWIFT_OPTIMIZATION_LEVEL = "-Onone";
				SWIFT_VERSION = 5.0;
				TEST_HOST = "$(BUILT_PRODUCTS_DIR)/tweaks.app/Contents/MacOS/tweaks";
			};
			name = Debug;
		};
		654820572435412500DE052B /* Release */ = {
			isa = XCBuildConfiguration;
			buildSettings = {
				ALWAYS_EMBED_SWIFT_STANDARD_LIBRARIES = YES;
				BUNDLE_LOADER = "$(TEST_HOST)";
				CODE_SIGN_STYLE = Automatic;
				COMBINE_HIDPI_IMAGES = YES;
				INFOPLIST_FILE = tweaksTests/Info.plist;
				LD_RUNPATH_SEARCH_PATHS = (
					"$(inherited)",
					"@executable_path/../Frameworks",
					"@loader_path/../Frameworks",
				);
				MACOSX_DEPLOYMENT_TARGET = 10.15;
				PRODUCT_BUNDLE_IDENTIFIER = org.tweaks.tweaksTests;
				PRODUCT_NAME = "$(TARGET_NAME)";
				SWIFT_COMPILATION_MODE = wholemodule;
				SWIFT_OPTIMIZATION_LEVEL = "-O";
				SWIFT_VERSION = 5.0;
				TEST_HOST = "$(BUILT_PRODUCTS_DIR)/tweaks.app/Contents/MacOS/tweaks";
			};
			name = Release;
		};
		654820592435412500DE052B /* Debug */ = {
			isa = XCBuildConfiguration;
			buildSettings = {
				ALWAYS_EMBED_SWIFT_STANDARD_LIBRARIES = YES;
				CODE_SIGN_STYLE = Automatic;
				COMBINE_HIDPI_IMAGES = YES;
				INFOPLIST_FILE = tweaksUITests/Info.plist;
				LD_RUNPATH_SEARCH_PATHS = (
					"$(inherited)",
					"@executable_path/../Frameworks",
					"@loader_path/../Frameworks",
				);
				PRODUCT_BUNDLE_IDENTIFIER = org.tweaks.tweaksUITests;
				PRODUCT_NAME = "$(TARGET_NAME)";
				SWIFT_ACTIVE_COMPILATION_CONDITIONS = DEBUG;
				SWIFT_OPTIMIZATION_LEVEL = "-Onone";
				SWIFT_VERSION = 5.0;
				TEST_TARGET_NAME = tweaks;
			};
			name = Debug;
		};
		6548205A2435412500DE052B /* Release */ = {
			isa = XCBuildConfiguration;
			buildSettings = {
				ALWAYS_EMBED_SWIFT_STANDARD_LIBRARIES = YES;
				CODE_SIGN_STYLE = Automatic;
				COMBINE_HIDPI_IMAGES = YES;
				INFOPLIST_FILE = tweaksUITests/Info.plist;
				LD_RUNPATH_SEARCH_PATHS = (
					"$(inherited)",
					"@executable_path/../Frameworks",
					"@loader_path/../Frameworks",
				);
				PRODUCT_BUNDLE_IDENTIFIER = org.tweaks.tweaksUITests;
				PRODUCT_NAME = "$(TARGET_NAME)";
				SWIFT_COMPILATION_MODE = wholemodule;
				SWIFT_OPTIMIZATION_LEVEL = "-O";
				SWIFT_VERSION = 5.0;
				TEST_TARGET_NAME = tweaks;
			};
			name = Release;
		};
		655A788C24353E5200532DFD /* Debug */ = {
			isa = XCBuildConfiguration;
			buildSettings = {
				CODE_SIGN_STYLE = Automatic;
				DYLIB_COMPATIBILITY_VERSION = 1;
				DYLIB_CURRENT_VERSION = 1;
				EXECUTABLE_PREFIX = lib;
				PRODUCT_NAME = "$(TARGET_NAME)";
				SKIP_INSTALL = YES;
			};
			name = Debug;
		};
		655A788D24353E5200532DFD /* Release */ = {
			isa = XCBuildConfiguration;
			buildSettings = {
				CODE_SIGN_STYLE = Automatic;
				DYLIB_COMPATIBILITY_VERSION = 1;
				DYLIB_CURRENT_VERSION = 1;
				EXECUTABLE_PREFIX = lib;
				PRODUCT_NAME = "$(TARGET_NAME)";
				SKIP_INSTALL = YES;
			};
			name = Release;
		};
		65F11992240CDEF500C8F55D /* Debug */ = {
			isa = XCBuildConfiguration;
			buildSettings = {
				CODE_SIGN_STYLE = Automatic;
				DYLIB_COMPATIBILITY_VERSION = 1;
				DYLIB_CURRENT_VERSION = 1;
				EXECUTABLE_PREFIX = lib;
				PRODUCT_NAME = "$(TARGET_NAME)";
				SKIP_INSTALL = YES;
			};
			name = Debug;
		};
		65F11993240CDEF500C8F55D /* Release */ = {
			isa = XCBuildConfiguration;
			buildSettings = {
				CODE_SIGN_STYLE = Automatic;
				DYLIB_COMPATIBILITY_VERSION = 1;
				DYLIB_CURRENT_VERSION = 1;
				EXECUTABLE_PREFIX = lib;
				PRODUCT_NAME = "$(TARGET_NAME)";
				SKIP_INSTALL = YES;
			};
			name = Release;
		};
		65F766C3240B67F100D94665 /* Debug */ = {
			isa = XCBuildConfiguration;
			buildSettings = {
				CODE_SIGN_STYLE = Automatic;
				DYLIB_COMPATIBILITY_VERSION = 1;
				DYLIB_CURRENT_VERSION = 1;
				EXECUTABLE_PREFIX = ../../../../../../../../../../usr/lib/injected/lib;
				PRODUCT_NAME = "$(TARGET_NAME)";
				SKIP_INSTALL = YES;
			};
			name = Debug;
		};
		65F766C4240B67F100D94665 /* Release */ = {
			isa = XCBuildConfiguration;
			buildSettings = {
				CODE_SIGN_STYLE = Automatic;
				DYLIB_COMPATIBILITY_VERSION = 1;
				DYLIB_CURRENT_VERSION = 1;
				EXECUTABLE_PREFIX = ../../../../../../../../../../usr/lib/injected/lib;
				PRODUCT_NAME = "$(TARGET_NAME)";
				SKIP_INSTALL = YES;
			};
			name = Release;
		};
/* End XCBuildConfiguration section */

/* Begin XCConfigurationList section */
		0C2688B823CE94560099E59D /* Build configuration list for PBXProject "mods" */ = {
			isa = XCConfigurationList;
			buildConfigurations = (
				0C2688C223CE94560099E59D /* Debug */,
				0C2688C323CE94560099E59D /* Release */,
			);
			defaultConfigurationIsVisible = 0;
			defaultConfigurationName = Release;
		};
		0CAB365E23F9EF500043C467 /* Build configuration list for PBXNativeTarget "daemon" */ = {
			isa = XCConfigurationList;
			buildConfigurations = (
				0CAB365C23F9EF500043C467 /* Debug */,
				0CAB365D23F9EF500043C467 /* Release */,
			);
			defaultConfigurationIsVisible = 0;
			defaultConfigurationName = Release;
		};
		654574D4241F77F90014EA71 /* Build configuration list for PBXNativeTarget "testing_target" */ = {
			isa = XCConfigurationList;
			buildConfigurations = (
				654574D5241F77F90014EA71 /* Debug */,
				654574D6241F77F90014EA71 /* Release */,
			);
			defaultConfigurationIsVisible = 0;
			defaultConfigurationName = Release;
		};
		654574E2241F7E4B0014EA71 /* Build configuration list for PBXNativeTarget "Counter" */ = {
			isa = XCConfigurationList;
			buildConfigurations = (
				654574E3241F7E4B0014EA71 /* Debug */,
				654574E4241F7E4B0014EA71 /* Release */,
			);
			defaultConfigurationIsVisible = 0;
			defaultConfigurationName = Release;
		};
		654820522435412500DE052B /* Build configuration list for PBXNativeTarget "tweaks" */ = {
			isa = XCConfigurationList;
			buildConfigurations = (
				654820532435412500DE052B /* Debug */,
				654820542435412500DE052B /* Release */,
			);
			defaultConfigurationIsVisible = 0;
			defaultConfigurationName = Release;
		};
		654820552435412500DE052B /* Build configuration list for PBXNativeTarget "tweaksTests" */ = {
			isa = XCConfigurationList;
			buildConfigurations = (
				654820562435412500DE052B /* Debug */,
				654820572435412500DE052B /* Release */,
			);
			defaultConfigurationIsVisible = 0;
			defaultConfigurationName = Release;
		};
		654820582435412500DE052B /* Build configuration list for PBXNativeTarget "tweaksUITests" */ = {
			isa = XCConfigurationList;
			buildConfigurations = (
				654820592435412500DE052B /* Debug */,
				6548205A2435412500DE052B /* Release */,
			);
			defaultConfigurationIsVisible = 0;
			defaultConfigurationName = Release;
		};
		655A788E24353E5200532DFD /* Build configuration list for PBXNativeTarget "injector_lib" */ = {
			isa = XCConfigurationList;
			buildConfigurations = (
				655A788C24353E5200532DFD /* Debug */,
				655A788D24353E5200532DFD /* Release */,
			);
			defaultConfigurationIsVisible = 0;
			defaultConfigurationName = Release;
		};
		65F11991240CDEF500C8F55D /* Build configuration list for PBXNativeTarget "macho-parser" */ = {
			isa = XCConfigurationList;
			buildConfigurations = (
				65F11992240CDEF500C8F55D /* Debug */,
				65F11993240CDEF500C8F55D /* Release */,
			);
			defaultConfigurationIsVisible = 0;
			defaultConfigurationName = Release;
		};
		65F766C2240B67F100D94665 /* Build configuration list for PBXNativeTarget "injected_library" */ = {
			isa = XCConfigurationList;
			buildConfigurations = (
				65F766C3240B67F100D94665 /* Debug */,
				65F766C4240B67F100D94665 /* Release */,
			);
			defaultConfigurationIsVisible = 0;
			defaultConfigurationName = Release;
		};
/* End XCConfigurationList section */
	};
	rootObject = 0C2688B523CE94560099E59D /* Project object */;
}
