// !$*UTF8*$!
{
	archiveVersion = 1;
	classes = {
	};
	objectVersion = 50;
	objects = {

/* Begin PBXBuildFile section */
		0CAB366023F9EF640043C467 /* daemon.m in Sources */ = {isa = PBXBuildFile; fileRef = 0CAB365F23F9EF640043C467 /* daemon.m */; };
		6536A075241F6D3600DE08F0 /* BetterCounter.h in Headers */ = {isa = PBXBuildFile; fileRef = 6536A074241F6D3600DE08F0 /* BetterCounter.h */; };
		6536A077241F6D3600DE08F0 /* BetterCounter.m in Sources */ = {isa = PBXBuildFile; fileRef = 6536A076241F6D3600DE08F0 /* BetterCounter.m */; };
		654574D3241F77F90014EA71 /* main.m in Sources */ = {isa = PBXBuildFile; fileRef = 654574D2241F77F90014EA71 /* main.m */; };
		654574D9241F780A0014EA71 /* counter.m in Sources */ = {isa = PBXBuildFile; fileRef = 654574D8241F780A0014EA71 /* counter.m */; };
		656AC2DA241DA48000B728A6 /* Process.m in Sources */ = {isa = PBXBuildFile; fileRef = 656AC2D9241DA48000B728A6 /* Process.m */; };
		65C18784241791F000D42952 /* objc_runtime_getters.h in Headers */ = {isa = PBXBuildFile; fileRef = 65C18782241791F000D42952 /* objc_runtime_getters.h */; };
		65C18785241791F000D42952 /* objc_runtime_getters.m in Sources */ = {isa = PBXBuildFile; fileRef = 65C18783241791F000D42952 /* objc_runtime_getters.m */; };
		65C187872417928600D42952 /* logging.h in Headers */ = {isa = PBXBuildFile; fileRef = 65C187862417928600D42952 /* logging.h */; };
		65F11996240CDFC400C8F55D /* macho_parser.h in Headers */ = {isa = PBXBuildFile; fileRef = 65F11994240CDFC300C8F55D /* macho_parser.h */; };
		65F11997240CDFC400C8F55D /* macho_parser.c in Sources */ = {isa = PBXBuildFile; fileRef = 65F11995240CDFC400C8F55D /* macho_parser.c */; };
		65F1199B240CE92D00C8F55D /* libmacho-parser.dylib in Frameworks */ = {isa = PBXBuildFile; fileRef = 65F1198B240CDEF500C8F55D /* libmacho-parser.dylib */; };
		65F1199C240CE92D00C8F55D /* libmacho-parser.dylib in Embed Libraries */ = {isa = PBXBuildFile; fileRef = 65F1198B240CDEF500C8F55D /* libmacho-parser.dylib */; settings = {ATTRIBUTES = (CodeSignOnCopy, ); }; };
		65F766B7240B638F00D94665 /* inject.m in Sources */ = {isa = PBXBuildFile; fileRef = 65F766B6240B638F00D94665 /* inject.m */; };
		65F766C1240B67F100D94665 /* injected_library.m in Sources */ = {isa = PBXBuildFile; fileRef = 65F766C0240B67F100D94665 /* injected_library.m */; };
		65F766C7240B6C3900D94665 /* symbol_locator.m in Sources */ = {isa = PBXBuildFile; fileRef = 65F766C6240B6C3900D94665 /* symbol_locator.m */; };
/* End PBXBuildFile section */

/* Begin PBXContainerItemProxy section */
		65F1199D240CE92D00C8F55D /* PBXContainerItemProxy */ = {
			isa = PBXContainerItemProxy;
			containerPortal = 0C2688B523CE94560099E59D /* Project object */;
			proxyType = 1;
			remoteGlobalIDString = 65F1198A240CDEF500C8F55D;
			remoteInfo = "macho-parser";
		};
/* End PBXContainerItemProxy section */

/* Begin PBXCopyFilesBuildPhase section */
		0C0C7DD923FBD0A100D4601A /* CopyFiles */ = {
			isa = PBXCopyFilesBuildPhase;
			buildActionMask = 2147483647;
			dstPath = /usr/share/man/man1/;
			dstSubfolderSpec = 0;
			files = (
			);
			runOnlyForDeploymentPostprocessing = 1;
		};
		0C2688BB23CE94560099E59D /* CopyFiles */ = {
			isa = PBXCopyFilesBuildPhase;
			buildActionMask = 2147483647;
			dstPath = /usr/share/man/man1/;
			dstSubfolderSpec = 0;
			files = (
			);
			runOnlyForDeploymentPostprocessing = 1;
		};
		0C2688CB23CE947F0099E59D /* CopyFiles */ = {
			isa = PBXCopyFilesBuildPhase;
			buildActionMask = 2147483647;
			dstPath = /usr/share/man/man1/;
			dstSubfolderSpec = 0;
			files = (
			);
			runOnlyForDeploymentPostprocessing = 1;
		};
		0C2688D723CE94A90099E59D /* CopyFiles */ = {
			isa = PBXCopyFilesBuildPhase;
			buildActionMask = 2147483647;
			dstPath = /usr/share/man/man1/;
			dstSubfolderSpec = 0;
			files = (
			);
			runOnlyForDeploymentPostprocessing = 1;
		};
		0CAB365623F9EF500043C467 /* CopyFiles */ = {
			isa = PBXCopyFilesBuildPhase;
			buildActionMask = 2147483647;
			dstPath = /usr/share/man/man1/;
			dstSubfolderSpec = 0;
			files = (
			);
			runOnlyForDeploymentPostprocessing = 1;
		};
		0CAB366323F9F55F0043C467 /* CopyFiles */ = {
			isa = PBXCopyFilesBuildPhase;
			buildActionMask = 2147483647;
			dstPath = /usr/share/man/man1/;
			dstSubfolderSpec = 0;
			files = (
			);
			runOnlyForDeploymentPostprocessing = 1;
		};
		0CAB367A23FA48B60043C467 /* CopyFiles */ = {
			isa = PBXCopyFilesBuildPhase;
			buildActionMask = 2147483647;
			dstPath = /usr/share/man/man1/;
			dstSubfolderSpec = 0;
			files = (
			);
			runOnlyForDeploymentPostprocessing = 1;
		};
		0CEC28F623D13B61000580B0 /* CopyFiles */ = {
			isa = PBXCopyFilesBuildPhase;
			buildActionMask = 2147483647;
			dstPath = /usr/share/man/man1/;
			dstSubfolderSpec = 0;
			files = (
			);
			runOnlyForDeploymentPostprocessing = 1;
		};
		0CEC290123D24266000580B0 /* CopyFiles */ = {
			isa = PBXCopyFilesBuildPhase;
			buildActionMask = 2147483647;
			dstPath = /usr/share/man/man1/;
			dstSubfolderSpec = 0;
			files = (
			);
			runOnlyForDeploymentPostprocessing = 1;
		};
		6505B841240753DE00C61927 /* CopyFiles */ = {
			isa = PBXCopyFilesBuildPhase;
			buildActionMask = 2147483647;
			dstPath = /usr/share/man/man1/;
			dstSubfolderSpec = 0;
			files = (
			);
			runOnlyForDeploymentPostprocessing = 1;
		};
		6505B84C2407540500C61927 /* CopyFiles */ = {
			isa = PBXCopyFilesBuildPhase;
			buildActionMask = 2147483647;
			dstPath = /usr/share/man/man1/;
			dstSubfolderSpec = 0;
			files = (
			);
			runOnlyForDeploymentPostprocessing = 1;
		};
		654574CE241F77F90014EA71 /* CopyFiles */ = {
			isa = PBXCopyFilesBuildPhase;
			buildActionMask = 2147483647;
			dstPath = /usr/share/man/man1/;
			dstSubfolderSpec = 0;
			files = (
			);
			runOnlyForDeploymentPostprocessing = 1;
		};
		65F1199F240CE92D00C8F55D /* Embed Libraries */ = {
			isa = PBXCopyFilesBuildPhase;
			buildActionMask = 2147483647;
			dstPath = "";
			dstSubfolderSpec = 10;
			files = (
				65F1199C240CE92D00C8F55D /* libmacho-parser.dylib in Embed Libraries */,
			);
			name = "Embed Libraries";
			runOnlyForDeploymentPostprocessing = 0;
		};
/* End PBXCopyFilesBuildPhase section */

/* Begin PBXFileReference section */
		0C0C7DDB23FBD0A100D4601A /* gs segment */ = {isa = PBXFileReference; explicitFileType = "compiled.mach-o.executable"; includeInIndex = 0; path = "gs segment"; sourceTree = BUILT_PRODUCTS_DIR; };
		0C2688BD23CE94560099E59D /* mods */ = {isa = PBXFileReference; explicitFileType = "compiled.mach-o.executable"; includeInIndex = 0; path = mods; sourceTree = BUILT_PRODUCTS_DIR; };
		0C2688CD23CE947F0099E59D /* zero_registers */ = {isa = PBXFileReference; explicitFileType = "compiled.mach-o.executable"; includeInIndex = 0; path = zero_registers; sourceTree = BUILT_PRODUCTS_DIR; };
		0C2688D923CE94A90099E59D /* modify_ip */ = {isa = PBXFileReference; explicitFileType = "compiled.mach-o.executable"; includeInIndex = 0; path = modify_ip; sourceTree = BUILT_PRODUCTS_DIR; };
		0CAB365823F9EF500043C467 /* daemon */ = {isa = PBXFileReference; explicitFileType = "compiled.mach-o.executable"; includeInIndex = 0; path = daemon; sourceTree = BUILT_PRODUCTS_DIR; };
		0CAB365F23F9EF640043C467 /* daemon.m */ = {isa = PBXFileReference; fileEncoding = 4; lastKnownFileType = sourcecode.c.objc; path = daemon.m; sourceTree = SOURCE_ROOT; };
		0CAB366523F9F55F0043C467 /* loaded_dylib */ = {isa = PBXFileReference; explicitFileType = "compiled.mach-o.executable"; includeInIndex = 0; path = loaded_dylib; sourceTree = BUILT_PRODUCTS_DIR; };
		0CAB367023F9F5A00043C467 /* libinjector.dylib */ = {isa = PBXFileReference; explicitFileType = "compiled.mach-o.dylib"; includeInIndex = 0; path = libinjector.dylib; sourceTree = BUILT_PRODUCTS_DIR; };
		0CAB367C23FA48B60043C467 /* FakeApp */ = {isa = PBXFileReference; explicitFileType = "compiled.mach-o.executable"; includeInIndex = 0; path = FakeApp; sourceTree = BUILT_PRODUCTS_DIR; };
		0CEC28F823D13B61000580B0 /* big_malloc */ = {isa = PBXFileReference; explicitFileType = "compiled.mach-o.executable"; includeInIndex = 0; path = big_malloc; sourceTree = BUILT_PRODUCTS_DIR; };
		0CEC290323D24266000580B0 /* port_leakage */ = {isa = PBXFileReference; explicitFileType = "compiled.mach-o.executable"; includeInIndex = 0; path = port_leakage; sourceTree = BUILT_PRODUCTS_DIR; };
		6505B843240753DE00C61927 /* pthread_testing */ = {isa = PBXFileReference; explicitFileType = "compiled.mach-o.executable"; includeInIndex = 0; path = pthread_testing; sourceTree = BUILT_PRODUCTS_DIR; };
		6505B84E2407540500C61927 /* pthread_testingy */ = {isa = PBXFileReference; explicitFileType = "compiled.mach-o.executable"; includeInIndex = 0; path = pthread_testingy; sourceTree = BUILT_PRODUCTS_DIR; };
		6536A072241F6D3600DE08F0 /* libtest_injectable.dylib */ = {isa = PBXFileReference; explicitFileType = "compiled.mach-o.dylib"; includeInIndex = 0; path = libtest_injectable.dylib; sourceTree = BUILT_PRODUCTS_DIR; };
		6536A074241F6D3600DE08F0 /* BetterCounter.h */ = {isa = PBXFileReference; lastKnownFileType = sourcecode.c.h; path = BetterCounter.h; sourceTree = "<group>"; };
		6536A076241F6D3600DE08F0 /* BetterCounter.m */ = {isa = PBXFileReference; lastKnownFileType = sourcecode.c.objc; path = BetterCounter.m; sourceTree = "<group>"; };
		654574C3241F77DF0014EA71 /* libfake_project.dylib */ = {isa = PBXFileReference; explicitFileType = "compiled.mach-o.dylib"; includeInIndex = 0; path = libfake_project.dylib; sourceTree = BUILT_PRODUCTS_DIR; };
		654574D0241F77F90014EA71 /* testing_target */ = {isa = PBXFileReference; explicitFileType = "compiled.mach-o.executable"; includeInIndex = 0; path = testing_target; sourceTree = BUILT_PRODUCTS_DIR; };
		654574D2241F77F90014EA71 /* main.m */ = {isa = PBXFileReference; lastKnownFileType = sourcecode.c.objc; path = main.m; sourceTree = "<group>"; };
		654574D7241F780A0014EA71 /* counter.h */ = {isa = PBXFileReference; lastKnownFileType = sourcecode.c.h; path = counter.h; sourceTree = "<group>"; };
		654574D8241F780A0014EA71 /* counter.m */ = {isa = PBXFileReference; lastKnownFileType = sourcecode.c.objc; path = counter.m; sourceTree = "<group>"; };
		656AC2D8241DA48000B728A6 /* Process.h */ = {isa = PBXFileReference; lastKnownFileType = sourcecode.c.h; path = Process.h; sourceTree = "<group>"; };
		656AC2D9241DA48000B728A6 /* Process.m */ = {isa = PBXFileReference; lastKnownFileType = sourcecode.c.objc; path = Process.m; sourceTree = "<group>"; };
		65C18782241791F000D42952 /* objc_runtime_getters.h */ = {isa = PBXFileReference; lastKnownFileType = sourcecode.c.h; path = objc_runtime_getters.h; sourceTree = "<group>"; };
		65C18783241791F000D42952 /* objc_runtime_getters.m */ = {isa = PBXFileReference; lastKnownFileType = sourcecode.c.objc; path = objc_runtime_getters.m; sourceTree = "<group>"; };
		65C187862417928600D42952 /* logging.h */ = {isa = PBXFileReference; lastKnownFileType = sourcecode.c.h; path = logging.h; sourceTree = "<group>"; };
		65F11985240CBC8000C8F55D /* daemon_info.plist */ = {isa = PBXFileReference; lastKnownFileType = text.plist.xml; path = daemon_info.plist; sourceTree = "<group>"; };
		65F11986240CD94C00C8F55D /* internal_injection_interface.h */ = {isa = PBXFileReference; lastKnownFileType = sourcecode.c.h; path = internal_injection_interface.h; sourceTree = "<group>"; };
		65F1198B240CDEF500C8F55D /* libmacho-parser.dylib */ = {isa = PBXFileReference; explicitFileType = "compiled.mach-o.dylib"; includeInIndex = 0; path = "libmacho-parser.dylib"; sourceTree = BUILT_PRODUCTS_DIR; };
		65F11994240CDFC300C8F55D /* macho_parser.h */ = {isa = PBXFileReference; lastKnownFileType = sourcecode.c.h; path = macho_parser.h; sourceTree = "<group>"; };
		65F11995240CDFC400C8F55D /* macho_parser.c */ = {isa = PBXFileReference; lastKnownFileType = sourcecode.c.c; path = macho_parser.c; sourceTree = "<group>"; };
		65F766B5240B638F00D94665 /* inject.h */ = {isa = PBXFileReference; lastKnownFileType = sourcecode.c.h; path = inject.h; sourceTree = "<group>"; };
		65F766B6240B638F00D94665 /* inject.m */ = {isa = PBXFileReference; explicitFileType = sourcecode.c.objc; path = inject.m; sourceTree = "<group>"; };
		65F766BC240B67F100D94665 /* ../../../../../../../../tweaks/libinjected_library.dylib */ = {isa = PBXFileReference; explicitFileType = "compiled.mach-o.dylib"; includeInIndex = 0; path = ../../../../../../../../tweaks/libinjected_library.dylib; sourceTree = BUILT_PRODUCTS_DIR; };
		65F766C0240B67F100D94665 /* injected_library.m */ = {isa = PBXFileReference; lastKnownFileType = sourcecode.c.objc; path = injected_library.m; sourceTree = "<group>"; };
		65F766C5240B6C3900D94665 /* symbol_locator.h */ = {isa = PBXFileReference; lastKnownFileType = sourcecode.c.h; path = symbol_locator.h; sourceTree = "<group>"; };
		65F766C6240B6C3900D94665 /* symbol_locator.m */ = {isa = PBXFileReference; lastKnownFileType = sourcecode.c.objc; path = symbol_locator.m; sourceTree = "<group>"; };
/* End PBXFileReference section */

/* Begin PBXFrameworksBuildPhase section */
		0C0C7DD823FBD0A100D4601A /* Frameworks */ = {
			isa = PBXFrameworksBuildPhase;
			buildActionMask = 2147483647;
			files = (
			);
			runOnlyForDeploymentPostprocessing = 0;
		};
		0C2688BA23CE94560099E59D /* Frameworks */ = {
			isa = PBXFrameworksBuildPhase;
			buildActionMask = 2147483647;
			files = (
			);
			runOnlyForDeploymentPostprocessing = 0;
		};
		0C2688CA23CE947F0099E59D /* Frameworks */ = {
			isa = PBXFrameworksBuildPhase;
			buildActionMask = 2147483647;
			files = (
			);
			runOnlyForDeploymentPostprocessing = 0;
		};
		0C2688D623CE94A90099E59D /* Frameworks */ = {
			isa = PBXFrameworksBuildPhase;
			buildActionMask = 2147483647;
			files = (
			);
			runOnlyForDeploymentPostprocessing = 0;
		};
		0CAB365523F9EF500043C467 /* Frameworks */ = {
			isa = PBXFrameworksBuildPhase;
			buildActionMask = 2147483647;
			files = (
				65F1199B240CE92D00C8F55D /* libmacho-parser.dylib in Frameworks */,
			);
			runOnlyForDeploymentPostprocessing = 0;
		};
		0CAB366223F9F55F0043C467 /* Frameworks */ = {
			isa = PBXFrameworksBuildPhase;
			buildActionMask = 2147483647;
			files = (
			);
			runOnlyForDeploymentPostprocessing = 0;
		};
		0CAB366E23F9F5A00043C467 /* Frameworks */ = {
			isa = PBXFrameworksBuildPhase;
			buildActionMask = 2147483647;
			files = (
			);
			runOnlyForDeploymentPostprocessing = 0;
		};
		0CAB367923FA48B60043C467 /* Frameworks */ = {
			isa = PBXFrameworksBuildPhase;
			buildActionMask = 2147483647;
			files = (
			);
			runOnlyForDeploymentPostprocessing = 0;
		};
		0CEC28F523D13B61000580B0 /* Frameworks */ = {
			isa = PBXFrameworksBuildPhase;
			buildActionMask = 2147483647;
			files = (
			);
			runOnlyForDeploymentPostprocessing = 0;
		};
		0CEC290023D24266000580B0 /* Frameworks */ = {
			isa = PBXFrameworksBuildPhase;
			buildActionMask = 2147483647;
			files = (
			);
			runOnlyForDeploymentPostprocessing = 0;
		};
		6505B840240753DE00C61927 /* Frameworks */ = {
			isa = PBXFrameworksBuildPhase;
			buildActionMask = 2147483647;
			files = (
			);
			runOnlyForDeploymentPostprocessing = 0;
		};
		6505B84B2407540500C61927 /* Frameworks */ = {
			isa = PBXFrameworksBuildPhase;
			buildActionMask = 2147483647;
			files = (
			);
			runOnlyForDeploymentPostprocessing = 0;
		};
		6536A070241F6D3600DE08F0 /* Frameworks */ = {
			isa = PBXFrameworksBuildPhase;
			buildActionMask = 2147483647;
			files = (
			);
			runOnlyForDeploymentPostprocessing = 0;
		};
		654574C1241F77DF0014EA71 /* Frameworks */ = {
			isa = PBXFrameworksBuildPhase;
			buildActionMask = 2147483647;
			files = (
			);
			runOnlyForDeploymentPostprocessing = 0;
		};
		654574CD241F77F90014EA71 /* Frameworks */ = {
			isa = PBXFrameworksBuildPhase;
			buildActionMask = 2147483647;
			files = (
			);
			runOnlyForDeploymentPostprocessing = 0;
		};
		65F11989240CDEF500C8F55D /* Frameworks */ = {
			isa = PBXFrameworksBuildPhase;
			buildActionMask = 2147483647;
			files = (
			);
			runOnlyForDeploymentPostprocessing = 0;
		};
		65F766BA240B67F100D94665 /* Frameworks */ = {
			isa = PBXFrameworksBuildPhase;
			buildActionMask = 2147483647;
			files = (
			);
			runOnlyForDeploymentPostprocessing = 0;
		};
/* End PBXFrameworksBuildPhase section */

/* Begin PBXGroup section */
		0C2688B423CE94560099E59D = {
			isa = PBXGroup;
			children = (
				0CAB365923F9EF500043C467 /* daemon */,
				65F766BD240B67F100D94665 /* injected_library */,
				65F1198C240CDEF500C8F55D /* macho_parser */,
				6536A073241F6D3600DE08F0 /* test_injectable */,
				654574D1241F77F90014EA71 /* testing_target */,
				0C2688BE23CE94560099E59D /* Products */,
				65F1199A240CE92D00C8F55D /* Frameworks */,
			);
			sourceTree = "<group>";
		};
		0C2688BE23CE94560099E59D /* Products */ = {
			isa = PBXGroup;
			children = (
				0C2688BD23CE94560099E59D /* mods */,
				0C2688CD23CE947F0099E59D /* zero_registers */,
				0C2688D923CE94A90099E59D /* modify_ip */,
				0CEC28F823D13B61000580B0 /* big_malloc */,
				0CEC290323D24266000580B0 /* port_leakage */,
				0CAB365823F9EF500043C467 /* daemon */,
				0CAB366523F9F55F0043C467 /* loaded_dylib */,
				0CAB367023F9F5A00043C467 /* libinjector.dylib */,
				0CAB367C23FA48B60043C467 /* FakeApp */,
				0C0C7DDB23FBD0A100D4601A /* gs segment */,
				6505B843240753DE00C61927 /* pthread_testing */,
				6505B84E2407540500C61927 /* pthread_testingy */,
				65F766BC240B67F100D94665 /* ../../../../../../../../tweaks/libinjected_library.dylib */,
				65F1198B240CDEF500C8F55D /* libmacho-parser.dylib */,
				6536A072241F6D3600DE08F0 /* libtest_injectable.dylib */,
				654574C3241F77DF0014EA71 /* libfake_project.dylib */,
				654574D0241F77F90014EA71 /* testing_target */,
			);
			name = Products;
			sourceTree = "<group>";
		};
		0CAB365923F9EF500043C467 /* daemon */ = {
			isa = PBXGroup;
			children = (
				0CAB365F23F9EF640043C467 /* daemon.m */,
				656AC2D8241DA48000B728A6 /* Process.h */,
				656AC2D9241DA48000B728A6 /* Process.m */,
				65F766B5240B638F00D94665 /* inject.h */,
				65F766B6240B638F00D94665 /* inject.m */,
				65F766C5240B6C3900D94665 /* symbol_locator.h */,
				65F766C6240B6C3900D94665 /* symbol_locator.m */,
				65F11985240CBC8000C8F55D /* daemon_info.plist */,
			);
			path = daemon;
			sourceTree = "<group>";
		};
		6536A073241F6D3600DE08F0 /* test_injectable */ = {
			isa = PBXGroup;
			children = (
				6536A074241F6D3600DE08F0 /* BetterCounter.h */,
				6536A076241F6D3600DE08F0 /* BetterCounter.m */,
			);
			path = test_injectable;
			sourceTree = "<group>";
		};
		654574D1241F77F90014EA71 /* testing_target */ = {
			isa = PBXGroup;
			children = (
				654574D2241F77F90014EA71 /* main.m */,
				654574D7241F780A0014EA71 /* counter.h */,
				654574D8241F780A0014EA71 /* counter.m */,
			);
			path = testing_target;
			sourceTree = "<group>";
		};
		65F1198C240CDEF500C8F55D /* macho_parser */ = {
			isa = PBXGroup;
			children = (
				65F11994240CDFC300C8F55D /* macho_parser.h */,
				65F11995240CDFC400C8F55D /* macho_parser.c */,
			);
			path = macho_parser;
			sourceTree = "<group>";
		};
		65F1199A240CE92D00C8F55D /* Frameworks */ = {
			isa = PBXGroup;
			children = (
			);
			name = Frameworks;
			sourceTree = "<group>";
		};
		65F766BD240B67F100D94665 /* injected_library */ = {
			isa = PBXGroup;
			children = (
				65F11986240CD94C00C8F55D /* internal_injection_interface.h */,
				65F766C0240B67F100D94665 /* injected_library.m */,
				65C187862417928600D42952 /* logging.h */,
				65C18782241791F000D42952 /* objc_runtime_getters.h */,
				65C18783241791F000D42952 /* objc_runtime_getters.m */,
			);
			path = injected_library;
			sourceTree = "<group>";
		};
/* End PBXGroup section */

/* Begin PBXHeadersBuildPhase section */
		0CAB366C23F9F5A00043C467 /* Headers */ = {
			isa = PBXHeadersBuildPhase;
			buildActionMask = 2147483647;
			files = (
			);
			runOnlyForDeploymentPostprocessing = 0;
		};
		6536A06E241F6D3600DE08F0 /* Headers */ = {
			isa = PBXHeadersBuildPhase;
			buildActionMask = 2147483647;
			files = (
				6536A075241F6D3600DE08F0 /* BetterCounter.h in Headers */,
			);
			runOnlyForDeploymentPostprocessing = 0;
		};
		654574BF241F77DF0014EA71 /* Headers */ = {
			isa = PBXHeadersBuildPhase;
			buildActionMask = 2147483647;
			files = (
			);
			runOnlyForDeploymentPostprocessing = 0;
		};
		65F11987240CDEF500C8F55D /* Headers */ = {
			isa = PBXHeadersBuildPhase;
			buildActionMask = 2147483647;
			files = (
				65F11996240CDFC400C8F55D /* macho_parser.h in Headers */,
			);
			runOnlyForDeploymentPostprocessing = 0;
		};
		65F766B8240B67F100D94665 /* Headers */ = {
			isa = PBXHeadersBuildPhase;
			buildActionMask = 2147483647;
			files = (
				65C187872417928600D42952 /* logging.h in Headers */,
				65C18784241791F000D42952 /* objc_runtime_getters.h in Headers */,
			);
			runOnlyForDeploymentPostprocessing = 0;
		};
/* End PBXHeadersBuildPhase section */

/* Begin PBXNativeTarget section */
		0C0C7DDA23FBD0A100D4601A /* gs segment */ = {
			isa = PBXNativeTarget;
			buildConfigurationList = 0C0C7DE123FBD0A100D4601A /* Build configuration list for PBXNativeTarget "gs segment" */;
			buildPhases = (
				0C0C7DD723FBD0A100D4601A /* Sources */,
				0C0C7DD823FBD0A100D4601A /* Frameworks */,
				0C0C7DD923FBD0A100D4601A /* CopyFiles */,
			);
			buildRules = (
			);
			dependencies = (
			);
			name = "gs segment";
			productName = "gs segment";
			productReference = 0C0C7DDB23FBD0A100D4601A /* gs segment */;
			productType = "com.apple.product-type.tool";
		};
		0C2688BC23CE94560099E59D /* mods */ = {
			isa = PBXNativeTarget;
			buildConfigurationList = 0C2688C423CE94560099E59D /* Build configuration list for PBXNativeTarget "mods" */;
			buildPhases = (
				0C2688B923CE94560099E59D /* Sources */,
				0C2688BA23CE94560099E59D /* Frameworks */,
				0C2688BB23CE94560099E59D /* CopyFiles */,
			);
			buildRules = (
			);
			dependencies = (
			);
			name = mods;
			productName = mods;
			productReference = 0C2688BD23CE94560099E59D /* mods */;
			productType = "com.apple.product-type.tool";
		};
		0C2688CC23CE947F0099E59D /* zero_registers */ = {
			isa = PBXNativeTarget;
			buildConfigurationList = 0C2688D123CE947F0099E59D /* Build configuration list for PBXNativeTarget "zero_registers" */;
			buildPhases = (
				0C2688C923CE947F0099E59D /* Sources */,
				0C2688CA23CE947F0099E59D /* Frameworks */,
				0C2688CB23CE947F0099E59D /* CopyFiles */,
			);
			buildRules = (
			);
			dependencies = (
			);
			name = zero_registers;
			productName = zero_registers;
			productReference = 0C2688CD23CE947F0099E59D /* zero_registers */;
			productType = "com.apple.product-type.tool";
		};
		0C2688D823CE94A90099E59D /* modify_ip */ = {
			isa = PBXNativeTarget;
			buildConfigurationList = 0C2688DD23CE94A90099E59D /* Build configuration list for PBXNativeTarget "modify_ip" */;
			buildPhases = (
				0C2688D523CE94A90099E59D /* Sources */,
				0C2688D623CE94A90099E59D /* Frameworks */,
				0C2688D723CE94A90099E59D /* CopyFiles */,
			);
			buildRules = (
			);
			dependencies = (
			);
			name = modify_ip;
			productName = modify_ip;
			productReference = 0C2688D923CE94A90099E59D /* modify_ip */;
			productType = "com.apple.product-type.tool";
		};
		0CAB365723F9EF500043C467 /* daemon */ = {
			isa = PBXNativeTarget;
			buildConfigurationList = 0CAB365E23F9EF500043C467 /* Build configuration list for PBXNativeTarget "daemon" */;
			buildPhases = (
				0CAB365423F9EF500043C467 /* Sources */,
				0CAB365523F9EF500043C467 /* Frameworks */,
				0CAB365623F9EF500043C467 /* CopyFiles */,
				65F1199F240CE92D00C8F55D /* Embed Libraries */,
			);
			buildRules = (
			);
			dependencies = (
				65F1199E240CE92D00C8F55D /* PBXTargetDependency */,
			);
			name = daemon;
			productName = daemon;
			productReference = 0CAB365823F9EF500043C467 /* daemon */;
			productType = "com.apple.product-type.tool";
		};
		0CAB366423F9F55F0043C467 /* loaded_dylib */ = {
			isa = PBXNativeTarget;
			buildConfigurationList = 0CAB366923F9F55F0043C467 /* Build configuration list for PBXNativeTarget "loaded_dylib" */;
			buildPhases = (
				0CAB366123F9F55F0043C467 /* Sources */,
				0CAB366223F9F55F0043C467 /* Frameworks */,
				0CAB366323F9F55F0043C467 /* CopyFiles */,
			);
			buildRules = (
			);
			dependencies = (
			);
			name = loaded_dylib;
			productName = loaded_dylib;
			productReference = 0CAB366523F9F55F0043C467 /* loaded_dylib */;
			productType = "com.apple.product-type.tool";
		};
		0CAB366F23F9F5A00043C467 /* injector */ = {
			isa = PBXNativeTarget;
			buildConfigurationList = 0CAB367123F9F5A00043C467 /* Build configuration list for PBXNativeTarget "injector" */;
			buildPhases = (
				0CAB366C23F9F5A00043C467 /* Headers */,
				0CAB366D23F9F5A00043C467 /* Sources */,
				0CAB366E23F9F5A00043C467 /* Frameworks */,
			);
			buildRules = (
			);
			dependencies = (
			);
			name = injector;
			productName = injector;
			productReference = 0CAB367023F9F5A00043C467 /* libinjector.dylib */;
			productType = "com.apple.product-type.library.dynamic";
		};
		0CAB367B23FA48B60043C467 /* FakeApp */ = {
			isa = PBXNativeTarget;
			buildConfigurationList = 0CAB368023FA48B60043C467 /* Build configuration list for PBXNativeTarget "FakeApp" */;
			buildPhases = (
				0CAB367823FA48B60043C467 /* Sources */,
				0CAB367923FA48B60043C467 /* Frameworks */,
				0CAB367A23FA48B60043C467 /* CopyFiles */,
			);
			buildRules = (
			);
			dependencies = (
			);
			name = FakeApp;
			productName = FakeApp;
			productReference = 0CAB367C23FA48B60043C467 /* FakeApp */;
			productType = "com.apple.product-type.tool";
		};
		0CEC28F723D13B61000580B0 /* big_malloc */ = {
			isa = PBXNativeTarget;
			buildConfigurationList = 0CEC28FE23D13B61000580B0 /* Build configuration list for PBXNativeTarget "big_malloc" */;
			buildPhases = (
				0CEC28F423D13B61000580B0 /* Sources */,
				0CEC28F523D13B61000580B0 /* Frameworks */,
				0CEC28F623D13B61000580B0 /* CopyFiles */,
			);
			buildRules = (
			);
			dependencies = (
			);
			name = big_malloc;
			productName = big_malloc;
			productReference = 0CEC28F823D13B61000580B0 /* big_malloc */;
			productType = "com.apple.product-type.tool";
		};
		0CEC290223D24266000580B0 /* port_leakage */ = {
			isa = PBXNativeTarget;
			buildConfigurationList = 0CEC290723D24266000580B0 /* Build configuration list for PBXNativeTarget "port_leakage" */;
			buildPhases = (
				0CEC28FF23D24266000580B0 /* Sources */,
				0CEC290023D24266000580B0 /* Frameworks */,
				0CEC290123D24266000580B0 /* CopyFiles */,
			);
			buildRules = (
			);
			dependencies = (
			);
			name = port_leakage;
			productName = port_leakage;
			productReference = 0CEC290323D24266000580B0 /* port_leakage */;
			productType = "com.apple.product-type.tool";
		};
		6505B842240753DE00C61927 /* pthread_testing */ = {
			isa = PBXNativeTarget;
			buildConfigurationList = 6505B849240753DE00C61927 /* Build configuration list for PBXNativeTarget "pthread_testing" */;
			buildPhases = (
				6505B83F240753DE00C61927 /* Sources */,
				6505B840240753DE00C61927 /* Frameworks */,
				6505B841240753DE00C61927 /* CopyFiles */,
			);
			buildRules = (
			);
			dependencies = (
			);
			name = pthread_testing;
			productName = pthread_testing;
			productReference = 6505B843240753DE00C61927 /* pthread_testing */;
			productType = "com.apple.product-type.tool";
		};
		6505B84D2407540500C61927 /* pthread_testingy */ = {
			isa = PBXNativeTarget;
			buildConfigurationList = 6505B8522407540500C61927 /* Build configuration list for PBXNativeTarget "pthread_testingy" */;
			buildPhases = (
				6505B84A2407540500C61927 /* Sources */,
				6505B84B2407540500C61927 /* Frameworks */,
				6505B84C2407540500C61927 /* CopyFiles */,
			);
			buildRules = (
			);
			dependencies = (
			);
			name = pthread_testingy;
			productName = pthread_testingy;
			productReference = 6505B84E2407540500C61927 /* pthread_testingy */;
			productType = "com.apple.product-type.tool";
		};
		6536A071241F6D3600DE08F0 /* test_injectable */ = {
			isa = PBXNativeTarget;
			buildConfigurationList = 6536A078241F6D3600DE08F0 /* Build configuration list for PBXNativeTarget "test_injectable" */;
			buildPhases = (
				6536A06E241F6D3600DE08F0 /* Headers */,
				6536A06F241F6D3600DE08F0 /* Sources */,
				6536A070241F6D3600DE08F0 /* Frameworks */,
			);
			buildRules = (
			);
			dependencies = (
			);
			name = test_injectable;
			productName = test_injectable;
			productReference = 6536A072241F6D3600DE08F0 /* libtest_injectable.dylib */;
			productType = "com.apple.product-type.library.dynamic";
		};
		654574C2241F77DF0014EA71 /* fake_project */ = {
			isa = PBXNativeTarget;
			buildConfigurationList = 654574CB241F77E00014EA71 /* Build configuration list for PBXNativeTarget "fake_project" */;
			buildPhases = (
				654574BF241F77DF0014EA71 /* Headers */,
				654574C0241F77DF0014EA71 /* Sources */,
				654574C1241F77DF0014EA71 /* Frameworks */,
			);
			buildRules = (
			);
			dependencies = (
			);
			name = fake_project;
			productName = fake_project;
			productReference = 654574C3241F77DF0014EA71 /* libfake_project.dylib */;
			productType = "com.apple.product-type.library.dynamic";
		};
		654574CF241F77F90014EA71 /* testing_target */ = {
			isa = PBXNativeTarget;
			buildConfigurationList = 654574D4241F77F90014EA71 /* Build configuration list for PBXNativeTarget "testing_target" */;
			buildPhases = (
				654574CC241F77F90014EA71 /* Sources */,
				654574CD241F77F90014EA71 /* Frameworks */,
				654574CE241F77F90014EA71 /* CopyFiles */,
			);
			buildRules = (
			);
			dependencies = (
			);
			name = testing_target;
			productName = testing_target;
			productReference = 654574D0241F77F90014EA71 /* testing_target */;
			productType = "com.apple.product-type.tool";
		};
		65F1198A240CDEF500C8F55D /* macho-parser */ = {
			isa = PBXNativeTarget;
			buildConfigurationList = 65F11991240CDEF500C8F55D /* Build configuration list for PBXNativeTarget "macho-parser" */;
			buildPhases = (
				65F11987240CDEF500C8F55D /* Headers */,
				65F11988240CDEF500C8F55D /* Sources */,
				65F11989240CDEF500C8F55D /* Frameworks */,
			);
			buildRules = (
			);
			dependencies = (
			);
			name = "macho-parser";
			productName = "macho-parser";
			productReference = 65F1198B240CDEF500C8F55D /* libmacho-parser.dylib */;
			productType = "com.apple.product-type.library.dynamic";
		};
		65F766BB240B67F100D94665 /* injected_library */ = {
			isa = PBXNativeTarget;
			buildConfigurationList = 65F766C2240B67F100D94665 /* Build configuration list for PBXNativeTarget "injected_library" */;
			buildPhases = (
				65F766B8240B67F100D94665 /* Headers */,
				65F766B9240B67F100D94665 /* Sources */,
				65F766BA240B67F100D94665 /* Frameworks */,
			);
			buildRules = (
			);
			dependencies = (
			);
			name = injected_library;
			productName = injected_library;
			productReference = 65F766BC240B67F100D94665 /* ../../../../../../../../tweaks/libinjected_library.dylib */;
			productType = "com.apple.product-type.library.dynamic";
		};
/* End PBXNativeTarget section */

/* Begin PBXProject section */
		0C2688B523CE94560099E59D /* Project object */ = {
			isa = PBXProject;
			attributes = {
				LastSwiftUpdateCheck = 1130;
				LastUpgradeCheck = 1200;
				ORGANIZATIONNAME = "Sophia Wisdom";
				TargetAttributes = {
					0C0C7DDA23FBD0A100D4601A = {
						CreatedOnToolsVersion = 10.3;
					};
					0C2688BC23CE94560099E59D = {
						CreatedOnToolsVersion = 12.0;
					};
					0C2688CC23CE947F0099E59D = {
						CreatedOnToolsVersion = 12.0;
					};
					0C2688D823CE94A90099E59D = {
						CreatedOnToolsVersion = 12.0;
					};
					0CAB365723F9EF500043C467 = {
						CreatedOnToolsVersion = 10.3;
					};
					0CAB366423F9F55F0043C467 = {
						CreatedOnToolsVersion = 10.3;
					};
					0CAB366F23F9F5A00043C467 = {
						CreatedOnToolsVersion = 10.3;
					};
					0CAB367B23FA48B60043C467 = {
						CreatedOnToolsVersion = 10.3;
					};
					0CEC28F723D13B61000580B0 = {
						CreatedOnToolsVersion = 12.0;
					};
					0CEC290223D24266000580B0 = {
						CreatedOnToolsVersion = 12.0;
					};
					6505B842240753DE00C61927 = {
						CreatedOnToolsVersion = 11.3.1;
					};
					6505B84D2407540500C61927 = {
						CreatedOnToolsVersion = 11.3.1;
					};
					6536A071241F6D3600DE08F0 = {
						CreatedOnToolsVersion = 11.3.1;
					};
					654574C2241F77DF0014EA71 = {
						CreatedOnToolsVersion = 11.3.1;
					};
					654574CF241F77F90014EA71 = {
						CreatedOnToolsVersion = 11.3.1;
					};
					65F1198A240CDEF500C8F55D = {
						CreatedOnToolsVersion = 11.3.1;
					};
					65F766BB240B67F100D94665 = {
						CreatedOnToolsVersion = 11.3.1;
					};
				};
			};
			buildConfigurationList = 0C2688B823CE94560099E59D /* Build configuration list for PBXProject "mods" */;
			compatibilityVersion = "Xcode 9.3";
			developmentRegion = en;
			hasScannedForEncodings = 0;
			knownRegions = (
				en,
				Base,
			);
			mainGroup = 0C2688B423CE94560099E59D;
			productRefGroup = 0C2688BE23CE94560099E59D /* Products */;
			projectDirPath = "";
			projectRoot = "";
			targets = (
				0C2688BC23CE94560099E59D /* mods */,
				0C2688CC23CE947F0099E59D /* zero_registers */,
				0C2688D823CE94A90099E59D /* modify_ip */,
				0CEC28F723D13B61000580B0 /* big_malloc */,
				0CEC290223D24266000580B0 /* port_leakage */,
				0CAB365723F9EF500043C467 /* daemon */,
				0CAB366423F9F55F0043C467 /* loaded_dylib */,
				0CAB366F23F9F5A00043C467 /* injector */,
				0CAB367B23FA48B60043C467 /* FakeApp */,
				0C0C7DDA23FBD0A100D4601A /* gs segment */,
				6505B842240753DE00C61927 /* pthread_testing */,
				6505B84D2407540500C61927 /* pthread_testingy */,
				65F766BB240B67F100D94665 /* injected_library */,
				65F1198A240CDEF500C8F55D /* macho-parser */,
				6536A071241F6D3600DE08F0 /* test_injectable */,
				654574C2241F77DF0014EA71 /* fake_project */,
				654574CF241F77F90014EA71 /* testing_target */,
			);
		};
/* End PBXProject section */

/* Begin PBXSourcesBuildPhase section */
		0C0C7DD723FBD0A100D4601A /* Sources */ = {
			isa = PBXSourcesBuildPhase;
			buildActionMask = 2147483647;
			files = (
			);
			runOnlyForDeploymentPostprocessing = 0;
		};
		0C2688B923CE94560099E59D /* Sources */ = {
			isa = PBXSourcesBuildPhase;
			buildActionMask = 2147483647;
			files = (
			);
			runOnlyForDeploymentPostprocessing = 0;
		};
		0C2688C923CE947F0099E59D /* Sources */ = {
			isa = PBXSourcesBuildPhase;
			buildActionMask = 2147483647;
			files = (
			);
			runOnlyForDeploymentPostprocessing = 0;
		};
		0C2688D523CE94A90099E59D /* Sources */ = {
			isa = PBXSourcesBuildPhase;
			buildActionMask = 2147483647;
			files = (
			);
			runOnlyForDeploymentPostprocessing = 0;
		};
		0CAB365423F9EF500043C467 /* Sources */ = {
			isa = PBXSourcesBuildPhase;
			buildActionMask = 2147483647;
			files = (
				65F766B7240B638F00D94665 /* inject.m in Sources */,
				0CAB366023F9EF640043C467 /* daemon.m in Sources */,
				656AC2DA241DA48000B728A6 /* Process.m in Sources */,
				65F766C7240B6C3900D94665 /* symbol_locator.m in Sources */,
			);
			runOnlyForDeploymentPostprocessing = 0;
		};
		0CAB366123F9F55F0043C467 /* Sources */ = {
			isa = PBXSourcesBuildPhase;
			buildActionMask = 2147483647;
			files = (
			);
			runOnlyForDeploymentPostprocessing = 0;
		};
		0CAB366D23F9F5A00043C467 /* Sources */ = {
			isa = PBXSourcesBuildPhase;
			buildActionMask = 2147483647;
			files = (
			);
			runOnlyForDeploymentPostprocessing = 0;
		};
		0CAB367823FA48B60043C467 /* Sources */ = {
			isa = PBXSourcesBuildPhase;
			buildActionMask = 2147483647;
			files = (
			);
			runOnlyForDeploymentPostprocessing = 0;
		};
		0CEC28F423D13B61000580B0 /* Sources */ = {
			isa = PBXSourcesBuildPhase;
			buildActionMask = 2147483647;
			files = (
			);
			runOnlyForDeploymentPostprocessing = 0;
		};
		0CEC28FF23D24266000580B0 /* Sources */ = {
			isa = PBXSourcesBuildPhase;
			buildActionMask = 2147483647;
			files = (
			);
			runOnlyForDeploymentPostprocessing = 0;
		};
		6505B83F240753DE00C61927 /* Sources */ = {
			isa = PBXSourcesBuildPhase;
			buildActionMask = 2147483647;
			files = (
			);
			runOnlyForDeploymentPostprocessing = 0;
		};
		6505B84A2407540500C61927 /* Sources */ = {
			isa = PBXSourcesBuildPhase;
			buildActionMask = 2147483647;
			files = (
			);
			runOnlyForDeploymentPostprocessing = 0;
		};
		6536A06F241F6D3600DE08F0 /* Sources */ = {
			isa = PBXSourcesBuildPhase;
			buildActionMask = 2147483647;
			files = (
				6536A077241F6D3600DE08F0 /* BetterCounter.m in Sources */,
			);
			runOnlyForDeploymentPostprocessing = 0;
		};
		654574C0241F77DF0014EA71 /* Sources */ = {
			isa = PBXSourcesBuildPhase;
			buildActionMask = 2147483647;
			files = (
			);
			runOnlyForDeploymentPostprocessing = 0;
		};
		654574CC241F77F90014EA71 /* Sources */ = {
			isa = PBXSourcesBuildPhase;
			buildActionMask = 2147483647;
			files = (
				654574D3241F77F90014EA71 /* main.m in Sources */,
				654574D9241F780A0014EA71 /* counter.m in Sources */,
			);
			runOnlyForDeploymentPostprocessing = 0;
		};
		65F11988240CDEF500C8F55D /* Sources */ = {
			isa = PBXSourcesBuildPhase;
			buildActionMask = 2147483647;
			files = (
				65F11997240CDFC400C8F55D /* macho_parser.c in Sources */,
			);
			runOnlyForDeploymentPostprocessing = 0;
		};
		65F766B9240B67F100D94665 /* Sources */ = {
			isa = PBXSourcesBuildPhase;
			buildActionMask = 2147483647;
			files = (
				65C18785241791F000D42952 /* objc_runtime_getters.m in Sources */,
				65F766C1240B67F100D94665 /* injected_library.m in Sources */,
			);
			runOnlyForDeploymentPostprocessing = 0;
		};
/* End PBXSourcesBuildPhase section */

/* Begin PBXTargetDependency section */
		65F1199E240CE92D00C8F55D /* PBXTargetDependency */ = {
			isa = PBXTargetDependency;
			target = 65F1198A240CDEF500C8F55D /* macho-parser */;
			targetProxy = 65F1199D240CE92D00C8F55D /* PBXContainerItemProxy */;
		};
/* End PBXTargetDependency section */

/* Begin XCBuildConfiguration section */
		0C0C7DDF23FBD0A100D4601A /* Debug */ = {
			isa = XCBuildConfiguration;
			buildSettings = {
				CODE_SIGN_IDENTITY = "-";
				CODE_SIGN_STYLE = Automatic;
				MACOSX_DEPLOYMENT_TARGET = 10.14;
				PRODUCT_NAME = "$(TARGET_NAME)";
			};
			name = Debug;
		};
		0C0C7DE023FBD0A100D4601A /* Release */ = {
			isa = XCBuildConfiguration;
			buildSettings = {
				CODE_SIGN_IDENTITY = "-";
				CODE_SIGN_STYLE = Automatic;
				MACOSX_DEPLOYMENT_TARGET = 10.14;
				PRODUCT_NAME = "$(TARGET_NAME)";
			};
			name = Release;
		};
		0C2688C223CE94560099E59D /* Debug */ = {
			isa = XCBuildConfiguration;
			buildSettings = {
				ALWAYS_SEARCH_USER_PATHS = NO;
				CLANG_ANALYZER_NONNULL = YES;
				CLANG_ANALYZER_NUMBER_OBJECT_CONVERSION = YES_AGGRESSIVE;
				CLANG_CXX_LANGUAGE_STANDARD = "gnu++14";
				CLANG_CXX_LIBRARY = "libc++";
				CLANG_ENABLE_MODULES = YES;
				CLANG_ENABLE_OBJC_ARC = YES;
				CLANG_ENABLE_OBJC_WEAK = YES;
				CLANG_WARN_BLOCK_CAPTURE_AUTORELEASING = YES;
				CLANG_WARN_BOOL_CONVERSION = YES;
				CLANG_WARN_COMMA = YES;
				CLANG_WARN_CONSTANT_CONVERSION = YES;
				CLANG_WARN_DEPRECATED_OBJC_IMPLEMENTATIONS = YES;
				CLANG_WARN_DIRECT_OBJC_ISA_USAGE = YES_ERROR;
				CLANG_WARN_DOCUMENTATION_COMMENTS = YES;
				CLANG_WARN_EMPTY_BODY = YES;
				CLANG_WARN_ENUM_CONVERSION = YES;
				CLANG_WARN_INFINITE_RECURSION = YES;
				CLANG_WARN_INT_CONVERSION = YES;
				CLANG_WARN_NON_LITERAL_NULL_CONVERSION = YES;
				CLANG_WARN_OBJC_IMPLICIT_RETAIN_SELF = YES;
				CLANG_WARN_OBJC_LITERAL_CONVERSION = YES;
				CLANG_WARN_OBJC_ROOT_CLASS = YES_ERROR;
				CLANG_WARN_RANGE_LOOP_ANALYSIS = YES;
				CLANG_WARN_STRICT_PROTOTYPES = YES;
				CLANG_WARN_SUSPICIOUS_MOVE = YES;
				CLANG_WARN_UNGUARDED_AVAILABILITY = YES_AGGRESSIVE;
				CLANG_WARN_UNREACHABLE_CODE = YES;
				CLANG_WARN__DUPLICATE_METHOD_MATCH = YES;
				COPY_PHASE_STRIP = NO;
				DEBUG_INFORMATION_FORMAT = dwarf;
				ENABLE_STRICT_OBJC_MSGSEND = YES;
				ENABLE_TESTABILITY = YES;
				GCC_C_LANGUAGE_STANDARD = gnu11;
				GCC_DYNAMIC_NO_PIC = NO;
				GCC_NO_COMMON_BLOCKS = YES;
				GCC_OPTIMIZATION_LEVEL = 0;
				GCC_PREPROCESSOR_DEFINITIONS = (
					"DEBUG=1",
					"$(inherited)",
				);
				GCC_WARN_64_TO_32_BIT_CONVERSION = YES;
				GCC_WARN_ABOUT_RETURN_TYPE = YES_ERROR;
				GCC_WARN_UNDECLARED_SELECTOR = YES;
				GCC_WARN_UNINITIALIZED_AUTOS = YES_AGGRESSIVE;
				GCC_WARN_UNUSED_FUNCTION = YES;
				GCC_WARN_UNUSED_VARIABLE = YES;
				INFOPLIST_FILE = daemon_info.plist;
				MACOSX_DEPLOYMENT_TARGET = 10.15;
				MTL_ENABLE_DEBUG_INFO = INCLUDE_SOURCE;
				MTL_FAST_MATH = YES;
				ONLY_ACTIVE_ARCH = YES;
				SDKROOT = macosx;
			};
			name = Debug;
		};
		0C2688C323CE94560099E59D /* Release */ = {
			isa = XCBuildConfiguration;
			buildSettings = {
				ALWAYS_SEARCH_USER_PATHS = NO;
				CLANG_ANALYZER_NONNULL = YES;
				CLANG_ANALYZER_NUMBER_OBJECT_CONVERSION = YES_AGGRESSIVE;
				CLANG_CXX_LANGUAGE_STANDARD = "gnu++14";
				CLANG_CXX_LIBRARY = "libc++";
				CLANG_ENABLE_MODULES = YES;
				CLANG_ENABLE_OBJC_ARC = YES;
				CLANG_ENABLE_OBJC_WEAK = YES;
				CLANG_WARN_BLOCK_CAPTURE_AUTORELEASING = YES;
				CLANG_WARN_BOOL_CONVERSION = YES;
				CLANG_WARN_COMMA = YES;
				CLANG_WARN_CONSTANT_CONVERSION = YES;
				CLANG_WARN_DEPRECATED_OBJC_IMPLEMENTATIONS = YES;
				CLANG_WARN_DIRECT_OBJC_ISA_USAGE = YES_ERROR;
				CLANG_WARN_DOCUMENTATION_COMMENTS = YES;
				CLANG_WARN_EMPTY_BODY = YES;
				CLANG_WARN_ENUM_CONVERSION = YES;
				CLANG_WARN_INFINITE_RECURSION = YES;
				CLANG_WARN_INT_CONVERSION = YES;
				CLANG_WARN_NON_LITERAL_NULL_CONVERSION = YES;
				CLANG_WARN_OBJC_IMPLICIT_RETAIN_SELF = YES;
				CLANG_WARN_OBJC_LITERAL_CONVERSION = YES;
				CLANG_WARN_OBJC_ROOT_CLASS = YES_ERROR;
				CLANG_WARN_RANGE_LOOP_ANALYSIS = YES;
				CLANG_WARN_STRICT_PROTOTYPES = YES;
				CLANG_WARN_SUSPICIOUS_MOVE = YES;
				CLANG_WARN_UNGUARDED_AVAILABILITY = YES_AGGRESSIVE;
				CLANG_WARN_UNREACHABLE_CODE = YES;
				CLANG_WARN__DUPLICATE_METHOD_MATCH = YES;
				COPY_PHASE_STRIP = NO;
				DEBUG_INFORMATION_FORMAT = "dwarf-with-dsym";
				ENABLE_NS_ASSERTIONS = NO;
				ENABLE_STRICT_OBJC_MSGSEND = YES;
				GCC_C_LANGUAGE_STANDARD = gnu11;
				GCC_NO_COMMON_BLOCKS = YES;
				GCC_WARN_64_TO_32_BIT_CONVERSION = YES;
				GCC_WARN_ABOUT_RETURN_TYPE = YES_ERROR;
				GCC_WARN_UNDECLARED_SELECTOR = YES;
				GCC_WARN_UNINITIALIZED_AUTOS = YES_AGGRESSIVE;
				GCC_WARN_UNUSED_FUNCTION = YES;
				GCC_WARN_UNUSED_VARIABLE = YES;
				INFOPLIST_FILE = daemon_info.plist;
				MACOSX_DEPLOYMENT_TARGET = 10.15;
				MTL_ENABLE_DEBUG_INFO = NO;
				MTL_FAST_MATH = YES;
				SDKROOT = macosx;
			};
			name = Release;
		};
		0C2688C523CE94560099E59D /* Debug */ = {
			isa = XCBuildConfiguration;
			buildSettings = {
				CODE_SIGN_STYLE = Automatic;
				PRODUCT_NAME = "$(TARGET_NAME)";
			};
			name = Debug;
		};
		0C2688C623CE94560099E59D /* Release */ = {
			isa = XCBuildConfiguration;
			buildSettings = {
				CODE_SIGN_STYLE = Automatic;
				PRODUCT_NAME = "$(TARGET_NAME)";
			};
			name = Release;
		};
		0C2688D223CE947F0099E59D /* Debug */ = {
			isa = XCBuildConfiguration;
			buildSettings = {
				CODE_SIGN_STYLE = Automatic;
				PRODUCT_NAME = "$(TARGET_NAME)";
			};
			name = Debug;
		};
		0C2688D323CE947F0099E59D /* Release */ = {
			isa = XCBuildConfiguration;
			buildSettings = {
				CODE_SIGN_STYLE = Automatic;
				PRODUCT_NAME = "$(TARGET_NAME)";
			};
			name = Release;
		};
		0C2688DE23CE94A90099E59D /* Debug */ = {
			isa = XCBuildConfiguration;
			buildSettings = {
				CODE_SIGN_STYLE = Automatic;
				PRODUCT_NAME = "$(TARGET_NAME)";
			};
			name = Debug;
		};
		0C2688DF23CE94A90099E59D /* Release */ = {
			isa = XCBuildConfiguration;
			buildSettings = {
				CODE_SIGN_STYLE = Automatic;
				PRODUCT_NAME = "$(TARGET_NAME)";
			};
			name = Release;
		};
		0CAB365C23F9EF500043C467 /* Debug */ = {
			isa = XCBuildConfiguration;
			buildSettings = {
				CODE_SIGN_ENTITLEMENTS = daemon/daemon.entitlements;
				CODE_SIGN_IDENTITY = "-";
				CODE_SIGN_STYLE = Automatic;
				ENABLE_HARDENED_RUNTIME = NO;
				INFOPLIST_FILE = "";
				MACOSX_DEPLOYMENT_TARGET = 10.15;
				PRODUCT_NAME = "$(TARGET_NAME)";
			};
			name = Debug;
		};
		0CAB365D23F9EF500043C467 /* Release */ = {
			isa = XCBuildConfiguration;
			buildSettings = {
				CODE_SIGN_ENTITLEMENTS = daemon/daemon.entitlements;
				CODE_SIGN_IDENTITY = "-";
				CODE_SIGN_STYLE = Automatic;
				ENABLE_HARDENED_RUNTIME = NO;
				INFOPLIST_FILE = "";
				MACOSX_DEPLOYMENT_TARGET = 10.15;
				PRODUCT_NAME = "$(TARGET_NAME)";
			};
			name = Release;
		};
		0CAB366A23F9F55F0043C467 /* Debug */ = {
			isa = XCBuildConfiguration;
			buildSettings = {
				CODE_SIGN_IDENTITY = "-";
				CODE_SIGN_STYLE = Automatic;
				MACOSX_DEPLOYMENT_TARGET = 10.14;
				PRODUCT_NAME = "$(TARGET_NAME)";
			};
			name = Debug;
		};
		0CAB366B23F9F55F0043C467 /* Release */ = {
			isa = XCBuildConfiguration;
			buildSettings = {
				CODE_SIGN_IDENTITY = "-";
				CODE_SIGN_STYLE = Automatic;
				MACOSX_DEPLOYMENT_TARGET = 10.14;
				PRODUCT_NAME = "$(TARGET_NAME)";
			};
			name = Release;
		};
		0CAB367223F9F5A00043C467 /* Debug */ = {
			isa = XCBuildConfiguration;
			buildSettings = {
				CODE_SIGN_IDENTITY = "Mac Developer";
				CODE_SIGN_STYLE = Automatic;
				DEVELOPMENT_TEAM = W35766PRLN;
				DYLIB_COMPATIBILITY_VERSION = 1;
				DYLIB_CURRENT_VERSION = 1;
				EXECUTABLE_PREFIX = lib;
				MACOSX_DEPLOYMENT_TARGET = 10.14;
				PRODUCT_NAME = "$(TARGET_NAME)";
				PROVISIONING_PROFILE_SPECIFIER = "";
				SKIP_INSTALL = YES;
			};
			name = Debug;
		};
		0CAB367323F9F5A00043C467 /* Release */ = {
			isa = XCBuildConfiguration;
			buildSettings = {
				CODE_SIGN_IDENTITY = "Mac Developer";
				CODE_SIGN_STYLE = Automatic;
				DEVELOPMENT_TEAM = W35766PRLN;
				DYLIB_COMPATIBILITY_VERSION = 1;
				DYLIB_CURRENT_VERSION = 1;
				EXECUTABLE_PREFIX = lib;
				MACOSX_DEPLOYMENT_TARGET = 10.14;
				PRODUCT_NAME = "$(TARGET_NAME)";
				PROVISIONING_PROFILE_SPECIFIER = "";
				SKIP_INSTALL = YES;
			};
			name = Release;
		};
		0CAB368123FA48B60043C467 /* Debug */ = {
			isa = XCBuildConfiguration;
			buildSettings = {
				CODE_SIGN_IDENTITY = "-";
				CODE_SIGN_STYLE = Automatic;
				MACOSX_DEPLOYMENT_TARGET = 10.14;
				PRODUCT_NAME = "$(TARGET_NAME)";
			};
			name = Debug;
		};
		0CAB368223FA48B60043C467 /* Release */ = {
			isa = XCBuildConfiguration;
			buildSettings = {
				CODE_SIGN_IDENTITY = "-";
				CODE_SIGN_STYLE = Automatic;
				MACOSX_DEPLOYMENT_TARGET = 10.14;
				PRODUCT_NAME = "$(TARGET_NAME)";
			};
			name = Release;
		};
		0CEC28FC23D13B61000580B0 /* Debug */ = {
			isa = XCBuildConfiguration;
			buildSettings = {
				CODE_SIGN_STYLE = Automatic;
				PRODUCT_NAME = "$(TARGET_NAME)";
			};
			name = Debug;
		};
		0CEC28FD23D13B61000580B0 /* Release */ = {
			isa = XCBuildConfiguration;
			buildSettings = {
				CODE_SIGN_STYLE = Automatic;
				PRODUCT_NAME = "$(TARGET_NAME)";
			};
			name = Release;
		};
		0CEC290823D24266000580B0 /* Debug */ = {
			isa = XCBuildConfiguration;
			buildSettings = {
				CODE_SIGN_STYLE = Automatic;
				PRODUCT_NAME = "$(TARGET_NAME)";
			};
			name = Debug;
		};
		0CEC290923D24266000580B0 /* Release */ = {
			isa = XCBuildConfiguration;
			buildSettings = {
				CODE_SIGN_STYLE = Automatic;
				PRODUCT_NAME = "$(TARGET_NAME)";
			};
			name = Release;
		};
		6505B847240753DE00C61927 /* Debug */ = {
			isa = XCBuildConfiguration;
			buildSettings = {
				CODE_SIGN_STYLE = Automatic;
				PRODUCT_NAME = "$(TARGET_NAME)";
				SWIFT_ACTIVE_COMPILATION_CONDITIONS = DEBUG;
				SWIFT_OPTIMIZATION_LEVEL = "-Onone";
				SWIFT_VERSION = 5.0;
			};
			name = Debug;
		};
		6505B848240753DE00C61927 /* Release */ = {
			isa = XCBuildConfiguration;
			buildSettings = {
				CODE_SIGN_STYLE = Automatic;
				PRODUCT_NAME = "$(TARGET_NAME)";
				SWIFT_COMPILATION_MODE = wholemodule;
				SWIFT_OPTIMIZATION_LEVEL = "-O";
				SWIFT_VERSION = 5.0;
			};
			name = Release;
		};
		6505B8532407540500C61927 /* Debug */ = {
			isa = XCBuildConfiguration;
			buildSettings = {
				CODE_SIGN_STYLE = Automatic;
				PRODUCT_NAME = "$(TARGET_NAME)";
			};
			name = Debug;
		};
		6505B8542407540500C61927 /* Release */ = {
			isa = XCBuildConfiguration;
			buildSettings = {
				CODE_SIGN_STYLE = Automatic;
				PRODUCT_NAME = "$(TARGET_NAME)";
			};
			name = Release;
		};
		6536A079241F6D3600DE08F0 /* Debug */ = {
			isa = XCBuildConfiguration;
			buildSettings = {
				CODE_SIGN_STYLE = Automatic;
				DYLIB_COMPATIBILITY_VERSION = 1;
				DYLIB_CURRENT_VERSION = 1;
				EXECUTABLE_PREFIX = lib;
				PRODUCT_NAME = "$(TARGET_NAME)";
				SKIP_INSTALL = YES;
			};
			name = Debug;
		};
		6536A07A241F6D3600DE08F0 /* Release */ = {
			isa = XCBuildConfiguration;
			buildSettings = {
				CODE_SIGN_STYLE = Automatic;
				DYLIB_COMPATIBILITY_VERSION = 1;
				DYLIB_CURRENT_VERSION = 1;
				EXECUTABLE_PREFIX = lib;
				PRODUCT_NAME = "$(TARGET_NAME)";
				SKIP_INSTALL = YES;
			};
			name = Release;
		};
		654574C9241F77DF0014EA71 /* Debug */ = {
			isa = XCBuildConfiguration;
			buildSettings = {
				CODE_SIGN_STYLE = Automatic;
				DYLIB_COMPATIBILITY_VERSION = 1;
				DYLIB_CURRENT_VERSION = 1;
				EXECUTABLE_PREFIX = lib;
				PRODUCT_NAME = "$(TARGET_NAME)";
				SKIP_INSTALL = YES;
			};
			name = Debug;
		};
		654574CA241F77DF0014EA71 /* Release */ = {
			isa = XCBuildConfiguration;
			buildSettings = {
				CODE_SIGN_STYLE = Automatic;
				DYLIB_COMPATIBILITY_VERSION = 1;
				DYLIB_CURRENT_VERSION = 1;
				EXECUTABLE_PREFIX = lib;
				PRODUCT_NAME = "$(TARGET_NAME)";
				SKIP_INSTALL = YES;
			};
			name = Release;
		};
		654574D5241F77F90014EA71 /* Debug */ = {
			isa = XCBuildConfiguration;
			buildSettings = {
				CODE_SIGN_STYLE = Automatic;
				PRODUCT_NAME = "$(TARGET_NAME)";
			};
			name = Debug;
		};
		654574D6241F77F90014EA71 /* Release */ = {
			isa = XCBuildConfiguration;
			buildSettings = {
				CODE_SIGN_STYLE = Automatic;
				PRODUCT_NAME = "$(TARGET_NAME)";
			};
			name = Release;
		};
		65F11992240CDEF500C8F55D /* Debug */ = {
			isa = XCBuildConfiguration;
			buildSettings = {
				CODE_SIGN_STYLE = Automatic;
				DYLIB_COMPATIBILITY_VERSION = 1;
				DYLIB_CURRENT_VERSION = 1;
				EXECUTABLE_PREFIX = lib;
				PRODUCT_NAME = "$(TARGET_NAME)";
				SKIP_INSTALL = YES;
			};
			name = Debug;
		};
		65F11993240CDEF500C8F55D /* Release */ = {
			isa = XCBuildConfiguration;
			buildSettings = {
				CODE_SIGN_STYLE = Automatic;
				DYLIB_COMPATIBILITY_VERSION = 1;
				DYLIB_CURRENT_VERSION = 1;
				EXECUTABLE_PREFIX = lib;
				PRODUCT_NAME = "$(TARGET_NAME)";
				SKIP_INSTALL = YES;
			};
			name = Release;
		};
		65F766C3240B67F100D94665 /* Debug */ = {
			isa = XCBuildConfiguration;
			buildSettings = {
				CODE_SIGN_STYLE = Automatic;
				DYLIB_COMPATIBILITY_VERSION = 1;
				DYLIB_CURRENT_VERSION = 1;
				EXECUTABLE_PREFIX = ../../../../../../../../tweaks/lib;
				PRODUCT_NAME = "$(TARGET_NAME)";
				SKIP_INSTALL = YES;
			};
			name = Debug;
		};
		65F766C4240B67F100D94665 /* Release */ = {
			isa = XCBuildConfiguration;
			buildSettings = {
				CODE_SIGN_STYLE = Automatic;
				DYLIB_COMPATIBILITY_VERSION = 1;
				DYLIB_CURRENT_VERSION = 1;
				EXECUTABLE_PREFIX = ../../../../../../../../tweaks/lib;
				PRODUCT_NAME = "$(TARGET_NAME)";
				SKIP_INSTALL = YES;
			};
			name = Release;
		};
/* End XCBuildConfiguration section */

/* Begin XCConfigurationList section */
		0C0C7DE123FBD0A100D4601A /* Build configuration list for PBXNativeTarget "gs segment" */ = {
			isa = XCConfigurationList;
			buildConfigurations = (
				0C0C7DDF23FBD0A100D4601A /* Debug */,
				0C0C7DE023FBD0A100D4601A /* Release */,
			);
			defaultConfigurationIsVisible = 0;
			defaultConfigurationName = Release;
		};
		0C2688B823CE94560099E59D /* Build configuration list for PBXProject "mods" */ = {
			isa = XCConfigurationList;
			buildConfigurations = (
				0C2688C223CE94560099E59D /* Debug */,
				0C2688C323CE94560099E59D /* Release */,
			);
			defaultConfigurationIsVisible = 0;
			defaultConfigurationName = Release;
		};
		0C2688C423CE94560099E59D /* Build configuration list for PBXNativeTarget "mods" */ = {
			isa = XCConfigurationList;
			buildConfigurations = (
				0C2688C523CE94560099E59D /* Debug */,
				0C2688C623CE94560099E59D /* Release */,
			);
			defaultConfigurationIsVisible = 0;
			defaultConfigurationName = Release;
		};
		0C2688D123CE947F0099E59D /* Build configuration list for PBXNativeTarget "zero_registers" */ = {
			isa = XCConfigurationList;
			buildConfigurations = (
				0C2688D223CE947F0099E59D /* Debug */,
				0C2688D323CE947F0099E59D /* Release */,
			);
			defaultConfigurationIsVisible = 0;
			defaultConfigurationName = Release;
		};
		0C2688DD23CE94A90099E59D /* Build configuration list for PBXNativeTarget "modify_ip" */ = {
			isa = XCConfigurationList;
			buildConfigurations = (
				0C2688DE23CE94A90099E59D /* Debug */,
				0C2688DF23CE94A90099E59D /* Release */,
			);
			defaultConfigurationIsVisible = 0;
			defaultConfigurationName = Release;
		};
		0CAB365E23F9EF500043C467 /* Build configuration list for PBXNativeTarget "daemon" */ = {
			isa = XCConfigurationList;
			buildConfigurations = (
				0CAB365C23F9EF500043C467 /* Debug */,
				0CAB365D23F9EF500043C467 /* Release */,
			);
			defaultConfigurationIsVisible = 0;
			defaultConfigurationName = Release;
		};
		0CAB366923F9F55F0043C467 /* Build configuration list for PBXNativeTarget "loaded_dylib" */ = {
			isa = XCConfigurationList;
			buildConfigurations = (
				0CAB366A23F9F55F0043C467 /* Debug */,
				0CAB366B23F9F55F0043C467 /* Release */,
			);
			defaultConfigurationIsVisible = 0;
			defaultConfigurationName = Release;
		};
		0CAB367123F9F5A00043C467 /* Build configuration list for PBXNativeTarget "injector" */ = {
			isa = XCConfigurationList;
			buildConfigurations = (
				0CAB367223F9F5A00043C467 /* Debug */,
				0CAB367323F9F5A00043C467 /* Release */,
			);
			defaultConfigurationIsVisible = 0;
			defaultConfigurationName = Release;
		};
		0CAB368023FA48B60043C467 /* Build configuration list for PBXNativeTarget "FakeApp" */ = {
			isa = XCConfigurationList;
			buildConfigurations = (
				0CAB368123FA48B60043C467 /* Debug */,
				0CAB368223FA48B60043C467 /* Release */,
			);
			defaultConfigurationIsVisible = 0;
			defaultConfigurationName = Release;
		};
		0CEC28FE23D13B61000580B0 /* Build configuration list for PBXNativeTarget "big_malloc" */ = {
			isa = XCConfigurationList;
			buildConfigurations = (
				0CEC28FC23D13B61000580B0 /* Debug */,
				0CEC28FD23D13B61000580B0 /* Release */,
			);
			defaultConfigurationIsVisible = 0;
			defaultConfigurationName = Release;
		};
		0CEC290723D24266000580B0 /* Build configuration list for PBXNativeTarget "port_leakage" */ = {
			isa = XCConfigurationList;
			buildConfigurations = (
				0CEC290823D24266000580B0 /* Debug */,
				0CEC290923D24266000580B0 /* Release */,
			);
			defaultConfigurationIsVisible = 0;
			defaultConfigurationName = Release;
		};
		6505B849240753DE00C61927 /* Build configuration list for PBXNativeTarget "pthread_testing" */ = {
			isa = XCConfigurationList;
			buildConfigurations = (
				6505B847240753DE00C61927 /* Debug */,
				6505B848240753DE00C61927 /* Release */,
			);
			defaultConfigurationIsVisible = 0;
			defaultConfigurationName = Release;
		};
		6505B8522407540500C61927 /* Build configuration list for PBXNativeTarget "pthread_testingy" */ = {
			isa = XCConfigurationList;
			buildConfigurations = (
				6505B8532407540500C61927 /* Debug */,
				6505B8542407540500C61927 /* Release */,
			);
			defaultConfigurationIsVisible = 0;
			defaultConfigurationName = Release;
		};
		6536A078241F6D3600DE08F0 /* Build configuration list for PBXNativeTarget "test_injectable" */ = {
			isa = XCConfigurationList;
			buildConfigurations = (
				6536A079241F6D3600DE08F0 /* Debug */,
				6536A07A241F6D3600DE08F0 /* Release */,
			);
			defaultConfigurationIsVisible = 0;
			defaultConfigurationName = Release;
		};
		654574CB241F77E00014EA71 /* Build configuration list for PBXNativeTarget "fake_project" */ = {
			isa = XCConfigurationList;
			buildConfigurations = (
				654574C9241F77DF0014EA71 /* Debug */,
				654574CA241F77DF0014EA71 /* Release */,
			);
			defaultConfigurationIsVisible = 0;
			defaultConfigurationName = Release;
		};
		654574D4241F77F90014EA71 /* Build configuration list for PBXNativeTarget "testing_target" */ = {
			isa = XCConfigurationList;
			buildConfigurations = (
				654574D5241F77F90014EA71 /* Debug */,
				654574D6241F77F90014EA71 /* Release */,
			);
			defaultConfigurationIsVisible = 0;
			defaultConfigurationName = Release;
		};
		65F11991240CDEF500C8F55D /* Build configuration list for PBXNativeTarget "macho-parser" */ = {
			isa = XCConfigurationList;
			buildConfigurations = (
				65F11992240CDEF500C8F55D /* Debug */,
				65F11993240CDEF500C8F55D /* Release */,
			);
			defaultConfigurationIsVisible = 0;
			defaultConfigurationName = Release;
		};
		65F766C2240B67F100D94665 /* Build configuration list for PBXNativeTarget "injected_library" */ = {
			isa = XCConfigurationList;
			buildConfigurations = (
				65F766C3240B67F100D94665 /* Debug */,
				65F766C4240B67F100D94665 /* Release */,
			);
			defaultConfigurationIsVisible = 0;
			defaultConfigurationName = Release;
		};
/* End XCConfigurationList section */
	};
	rootObject = 0C2688B523CE94560099E59D /* Project object */;
}
